PODS:
  - Alamofire (3.5.0)
  - Google-Mobile-Ads-SDK (7.6.0)
  - NSData+Base64 (1.0.0)
  - OAuthCore (0.0.1):
    - NSData+Base64
  - SVProgressHUD (2.0.3)

DEPENDENCIES:
  - Alamofire (~> 3.0)
  - Google-Mobile-Ads-SDK (~> 7.1)
  - OAuthCore (~> 0.0.1)
  - SVProgressHUD (~> 2.0.0)

SPEC CHECKSUMS:
  Alamofire: b70a7352335f8ea5babd0a923eb7e8eacc67b877
  Google-Mobile-Ads-SDK: 0290020329c61183c4685304264b73382bc49fb4
  NSData+Base64: 4e84902c4db907a15673474677e57763ef3903e4
  OAuthCore: 43dce261db846a1fe20234d95654257e00e78581
  SVProgressHUD: b0830714205bea1317ea1a2ebc71e5633af334d4

PODFILE CHECKSUM: d6b65ad1cb33187d8c13c1ed697508c78d6a3574

COCOAPODS: 1.1.0.rc.2
