PODS:
  - Alamofire (3.5.1)
  - Firebase (3.8.0):
    - Firebase/Core (= 3.8.0)
  - Firebase/Core (3.8.0):
    - FirebaseAnalytics (= 3.5.1)
    - FirebaseCore (= 3.4.4)
  - FirebaseAnalytics (3.5.1):
    - FirebaseCore (~> 3.4)
    - FirebaseInstanceID (~> 1.0)
    - GoogleInterchangeUtilities (~> 1.2)
    - GoogleSymbolUtilities (~> 1.1)
    - GoogleToolboxForMac/NSData+zlib (~> 2.1)
  - FirebaseCore (3.4.4):
    - GoogleInterchangeUtilities (~> 1.2)
    - GoogleToolboxForMac/NSData+zlib (~> 2.1)
  - FirebaseInstanceID (1.0.8)
  - Google-Mobile-Ads-SDK (7.14.0)
  - GoogleInterchangeUtilities (1.2.2):
    - GoogleSymbolUtilities (~> 1.1)
  - GoogleSymbolUtilities (1.1.2)
  - GoogleToolboxForMac/Defines (2.1.0)
  - GoogleToolboxForMac/NSData+zlib (2.1.0):
    - GoogleToolboxForMac/Defines (= 2.1.0)
  - NSData+Base64 (1.0.0)
  - OAuthCore (0.0.1):
    - NSData+Base64
  - SVProgressHUD (2.0.3)

DEPENDENCIES:
  - Alamofire (~> 3.0)
  - Firebase
  - Google-Mobile-Ads-SDK (~> 7.1)
  - OAuthCore (~> 0.0.1)
  - SVProgressHUD (~> 2.0.0)

SPEC CHECKSUMS:
  Alamofire: 0dfba1184a543e2aa160f4e39cac4e8aba48d223
  Firebase: fdbecadb7b5cbef2774852d4fa659b9daf11f2af
  FirebaseAnalytics: 6e58fc9b397664369ac7617fb0ba93fab6ba7b5b
  FirebaseCore: d0ed25f27b6f9158eccc439f1be6f92e81207e28
  FirebaseInstanceID: ba1e640935235e5fac39dfa816fe7660e72e1a8a
  Google-Mobile-Ads-SDK: dbb0211c52ca02f72331b831ce4ccd218cf08748
  GoogleInterchangeUtilities: d5bc4d88d5b661ab72f9d70c58d02ca8c27ad1f7
  GoogleSymbolUtilities: 631ee17048aa5e9ab133470d768ea997a5ef9b96
  GoogleToolboxForMac: 2b2596cbb7186865e98cadf2b1e262d851c2b168
  NSData+Base64: 4e84902c4db907a15673474677e57763ef3903e4
  OAuthCore: 43dce261db846a1fe20234d95654257e00e78581
  SVProgressHUD: b0830714205bea1317ea1a2ebc71e5633af334d4

PODFILE CHECKSUM: 6b0449e7281dfeaa6408853a71d8708d767b174f

COCOAPODS: 1.1.1
