PODS:
  - Alamofire (4.5.1)
  - Fabric (1.6.13)
  - Firebase (4.2.0):
    - Firebase/Core (= 4.2.0)
  - Firebase/AdMob (4.2.0):
    - Firebase/Core
    - Google-Mobile-Ads-SDK (= 7.24.0)
  - Firebase/Core (4.2.0):
    - FirebaseAnalytics (= 4.0.3)
    - FirebaseCore (= 4.0.7)
  - FirebaseAnalytics (4.0.3):
    - FirebaseCore (~> 4.0)
    - FirebaseInstanceID (~> 2.0)
    - GoogleToolboxForMac/NSData+zlib (~> 2.1)
    - nanopb (~> 0.3)
  - FirebaseCore (4.0.7):
    - GoogleToolboxForMac/NSData+zlib (~> 2.1)
    - nanopb (~> 0.3)
  - FirebaseInstanceID (2.0.3)
  - Google-Mobile-Ads-SDK (7.24.0)
  - GoogleToolboxForMac/Defines (2.1.1)
  - GoogleToolboxForMac/NSData+zlib (2.1.1):
    - GoogleToolboxForMac/Defines (= 2.1.1)
  - nanopb (0.3.8):
    - nanopb/decode (= 0.3.8)
    - nanopb/encode (= 0.3.8)
  - nanopb/decode (0.3.8)
  - nanopb/encode (0.3.8)
  - NSData+Base64 (1.0.0)
  - OAuthCore (0.0.1):
    - NSData+Base64
  - SVProgressHUD (2.2.1)
  - TwitterCore (2.8.0):
    - Fabric
  - TwitterKit (2.8.1):
    - TwitterCore (>= 2.8)

DEPENDENCIES:
  - Alamofire (~> 4.0)
  - Firebase
  - Firebase/AdMob
  - OAuthCore (~> 0.0.1)
  - SVProgressHUD (~> 2.1)
  - TwitterKit

SPEC CHECKSUMS:
  Alamofire: 2d95912bf4c34f164fdfc335872e8c312acaea4a
  Fabric: 2fb5676bc811af011a04513451f463dac6803206
  Firebase: 9548cae14d69718add12d75a5b312893f7ef89c7
  FirebaseAnalytics: 76f754d37ca5b04f36856729b6af3ca0152d1069
  FirebaseCore: 9a6cc1e3eaf75905390f9220596ad4fd8f92faee
  FirebaseInstanceID: a4fc702b5a026f7322964376047f1a3f1f7cc6ff
  Google-Mobile-Ads-SDK: f405b7acb098fe89e6fcd05fdbf400c1a5bcb935
  GoogleToolboxForMac: 8e329f1b599f2512c6b10676d45736bcc2cbbeb0
  nanopb: 5601e6bca2dbf1ed831b519092ec110f66982ca3
  NSData+Base64: 4e84902c4db907a15673474677e57763ef3903e4
  OAuthCore: 43dce261db846a1fe20234d95654257e00e78581
  SVProgressHUD: db27c54e6e18bc903341661fc9feb55e04905cc4
  TwitterCore: e959987be23c767004d29eb7fab8d85d8585a2e5
  TwitterKit: 3b6044a7320340326a4098f3e37aa1dbaeb94942

PODFILE CHECKSUM: f38b76de0879db9fa5fb1f79dfd3a36352427c77

COCOAPODS: 1.3.1
