// !$*UTF8*$!
{
	archiveVersion = 1;
	classes = {
	};
	objectVersion = 46;
	objects = {

/* Begin PBXBuildFile section */
		1FF8DB07D6D373E6BF2FE910 /* Pods_TumeKyouen.framework in Frameworks */ = {isa = PBXBuildFile; fileRef = E31973564E2CEDECEB1A4CE9 /* Pods_TumeKyouen.framework */; };
		6811509E1C62348A00F7B444 /* BaseDao.swift in Sources */ = {isa = PBXBuildFile; fileRef = 6811509D1C62348A00F7B444 /* BaseDao.swift */; };
		681150A01C62349800F7B444 /* TumeKyouenDao.swift in Sources */ = {isa = PBXBuildFile; fileRef = 6811509F1C62349800F7B444 /* TumeKyouenDao.swift */; };
		681150A21C6234A300F7B444 /* SettingDao.swift in Sources */ = {isa = PBXBuildFile; fileRef = 681150A11C6234A300F7B444 /* SettingDao.swift */; };
		681150A41C6234B000F7B444 /* TwitterTokenDao.swift in Sources */ = {isa = PBXBuildFile; fileRef = 681150A31C6234B000F7B444 /* TwitterTokenDao.swift */; };
		68252F8A1C68A13A008E6E85 /* AdMobUtil.swift in Sources */ = {isa = PBXBuildFile; fileRef = 68252F891C68A13A008E6E85 /* AdMobUtil.swift */; };
		68252F8C1C68A145008E6E85 /* TKTwitterManager.swift in Sources */ = {isa = PBXBuildFile; fileRef = 68252F8B1C68A145008E6E85 /* TKTwitterManager.swift */; };
		68252F8E1C68A151008E6E85 /* TKSignedRequest.swift in Sources */ = {isa = PBXBuildFile; fileRef = 68252F8D1C68A151008E6E85 /* TKSignedRequest.swift */; };
		68252F901C6A0225008E6E85 /* TKKyouenViewController.swift in Sources */ = {isa = PBXBuildFile; fileRef = 68252F8F1C6A0225008E6E85 /* TKKyouenViewController.swift */; };
		68252F921C6A022E008E6E85 /* TKTitleViewController.swift in Sources */ = {isa = PBXBuildFile; fileRef = 68252F911C6A022E008E6E85 /* TKTitleViewController.swift */; };
		6831FDC716E1BF0A00291810 /* initial_stage.csv in Resources */ = {isa = PBXBuildFile; fileRef = 6831FDC616E1BF0A00291810 /* initial_stage.csv */; };
		68390B5D179305E000954896 /* Social.framework in Frameworks */ = {isa = PBXBuildFile; fileRef = 68390B5B179301E700954896 /* Social.framework */; };
		68390B5F17A3B0A500954896 /* Accounts.framework in Frameworks */ = {isa = PBXBuildFile; fileRef = 68390B5E17A3B0A500954896 /* Accounts.framework */; };
		685915F01C6706DB001FF3AA /* KyouenImageView.swift in Sources */ = {isa = PBXBuildFile; fileRef = 685915EF1C6706DB001FF3AA /* KyouenImageView.swift */; };
		685915F21C6706EA001FF3AA /* StoneButton.swift in Sources */ = {isa = PBXBuildFile; fileRef = 685915F11C6706EA001FF3AA /* StoneButton.swift */; };
		685915F41C6706FE001FF3AA /* OverlayKyouenView.swift in Sources */ = {isa = PBXBuildFile; fileRef = 685915F31C6706FE001FF3AA /* OverlayKyouenView.swift */; };
		686D0E741C54A1AF00A67A0E /* TumeKyouenServer.swift in Sources */ = {isa = PBXBuildFile; fileRef = 686D0E731C54A1AF00A67A0E /* TumeKyouenServer.swift */; };
		686D0E761C5BB1F200A67A0E /* Line.swift in Sources */ = {isa = PBXBuildFile; fileRef = 686D0E751C5BB1F200A67A0E /* Line.swift */; };
		686D0E781C5BB1FE00A67A0E /* Point.swift in Sources */ = {isa = PBXBuildFile; fileRef = 686D0E771C5BB1FE00A67A0E /* Point.swift */; };
		686D0E7A1C5BBED700A67A0E /* GameModel.swift in Sources */ = {isa = PBXBuildFile; fileRef = 686D0E791C5BBED700A67A0E /* GameModel.swift */; };
		686D0E7C1C5BBEE300A67A0E /* KyouenData.swift in Sources */ = {isa = PBXBuildFile; fileRef = 686D0E7B1C5BBEE300A67A0E /* KyouenData.swift */; };
		686D0E7E1C5F962D00A67A0E /* TumeKyouenModel.swift in Sources */ = {isa = PBXBuildFile; fileRef = 686D0E7D1C5F962D00A67A0E /* TumeKyouenModel.swift */; };
		6878F9B718799A8800BBF8A9 /* Images.xcassets in Resources */ = {isa = PBXBuildFile; fileRef = 6878F9B618799A8700BBF8A9 /* Images.xcassets */; };
		688C014F18E9C08F00EECC9A /* InfoPlist.strings in Resources */ = {isa = PBXBuildFile; fileRef = 688C015118E9C08F00EECC9A /* InfoPlist.strings */; };
		689825AD16D9320C00D89D0B /* UIKit.framework in Frameworks */ = {isa = PBXBuildFile; fileRef = 689825AC16D9320C00D89D0B /* UIKit.framework */; };
		689825AF16D9320C00D89D0B /* Foundation.framework in Frameworks */ = {isa = PBXBuildFile; fileRef = 689825AE16D9320C00D89D0B /* Foundation.framework */; };
		689825B116D9320C00D89D0B /* CoreGraphics.framework in Frameworks */ = {isa = PBXBuildFile; fileRef = 689825B016D9320C00D89D0B /* CoreGraphics.framework */; };
		689825B716D9320C00D89D0B /* Localizable.strings in Resources */ = {isa = PBXBuildFile; fileRef = 689825B516D9320C00D89D0B /* Localizable.strings */; };
		689825C616D9320C00D89D0B /* MainStoryboard.storyboard in Resources */ = {isa = PBXBuildFile; fileRef = 689825C416D9320C00D89D0B /* MainStoryboard.storyboard */; };
		689825D216D9320C00D89D0B /* UIKit.framework in Frameworks */ = {isa = PBXBuildFile; fileRef = 689825AC16D9320C00D89D0B /* UIKit.framework */; };
		689825D316D9320C00D89D0B /* Foundation.framework in Frameworks */ = {isa = PBXBuildFile; fileRef = 689825AE16D9320C00D89D0B /* Foundation.framework */; };
		689825DE16D9320C00D89D0B /* TumeKyouenTests.m in Sources */ = {isa = PBXBuildFile; fileRef = 689825DD16D9320C00D89D0B /* TumeKyouenTests.m */; };
		6898262316D934DA00D89D0B /* QuartzCore.framework in Frameworks */ = {isa = PBXBuildFile; fileRef = 6898262216D934DA00D89D0B /* QuartzCore.framework */; };
		6898262516D934E300D89D0B /* AudioToolbox.framework in Frameworks */ = {isa = PBXBuildFile; fileRef = 6898262416D934E300D89D0B /* AudioToolbox.framework */; };
		6898262716D934EC00D89D0B /* MessageUI.framework in Frameworks */ = {isa = PBXBuildFile; fileRef = 6898262616D934EC00D89D0B /* MessageUI.framework */; };
		6898262916D934F400D89D0B /* SystemConfiguration.framework in Frameworks */ = {isa = PBXBuildFile; fileRef = 6898262816D934F400D89D0B /* SystemConfiguration.framework */; };
		6898262B16D934FA00D89D0B /* AdSupport.framework in Frameworks */ = {isa = PBXBuildFile; fileRef = 6898262A16D934FA00D89D0B /* AdSupport.framework */; };
		6898262D16D9350000D89D0B /* StoreKit.framework in Frameworks */ = {isa = PBXBuildFile; fileRef = 6898262C16D9350000D89D0B /* StoreKit.framework */; };
		6898268A16DA2A5B00D89D0B /* TumeKyouen.xcdatamodeld in Sources */ = {isa = PBXBuildFile; fileRef = 6898268816DA2A5B00D89D0B /* TumeKyouen.xcdatamodeld */; };
		6898268F16DA592000D89D0B /* CoreData.framework in Frameworks */ = {isa = PBXBuildFile; fileRef = 6898268E16DA592000D89D0B /* CoreData.framework */; };
		6899B32218704B5A00C0441E /* AVFoundation.framework in Frameworks */ = {isa = PBXBuildFile; fileRef = 6899B32118704B5A00C0441E /* AVFoundation.framework */; };
		68B183AA18E3348400CCF333 /* CoreTelephony.framework in Frameworks */ = {isa = PBXBuildFile; fileRef = 68B183A918E3348400CCF333 /* CoreTelephony.framework */; };
		68B8F98918E86D5500EDC03A /* Settings.bundle in Resources */ = {isa = PBXBuildFile; fileRef = 68B8F98818E86D5500EDC03A /* Settings.bundle */; };
		68BD36171791973C00B45FDE /* CFNetwork.framework in Frameworks */ = {isa = PBXBuildFile; fileRef = 68BD36161791973C00B45FDE /* CFNetwork.framework */; };
		68BD36191791974C00B45FDE /* Security.framework in Frameworks */ = {isa = PBXBuildFile; fileRef = 68BD36181791974C00B45FDE /* Security.framework */; };
		68BD361B1791988500B45FDE /* MobileCoreServices.framework in Frameworks */ = {isa = PBXBuildFile; fileRef = 68BD361A1791988500B45FDE /* MobileCoreServices.framework */; };
		68FB69371C6CAE8C003883FE /* TKAppDelegate.swift in Sources */ = {isa = PBXBuildFile; fileRef = 68FB69361C6CAE8C003883FE /* TKAppDelegate.swift */; };
/* End PBXBuildFile section */

/* Begin PBXContainerItemProxy section */
		689825D416D9320C00D89D0B /* PBXContainerItemProxy */ = {
			isa = PBXContainerItemProxy;
			containerPortal = 689825A116D9320C00D89D0B /* Project object */;
			proxyType = 1;
			remoteGlobalIDString = 689825A816D9320C00D89D0B;
			remoteInfo = TumeKyouen;
		};
/* End PBXContainerItemProxy section */

/* Begin PBXFileReference section */
		42FF7AA7017D9BBB925FC02D /* Pods-TumeKyouen.debug.xcconfig */ = {isa = PBXFileReference; includeInIndex = 1; lastKnownFileType = text.xcconfig; name = "Pods-TumeKyouen.debug.xcconfig"; path = "Pods/Target Support Files/Pods-TumeKyouen/Pods-TumeKyouen.debug.xcconfig"; sourceTree = "<group>"; };
		5DBFF274A3B2E0D0200A9CEC /* Pods-TumeKyouen.release.xcconfig */ = {isa = PBXFileReference; includeInIndex = 1; lastKnownFileType = text.xcconfig; name = "Pods-TumeKyouen.release.xcconfig"; path = "Pods/Target Support Files/Pods-TumeKyouen/Pods-TumeKyouen.release.xcconfig"; sourceTree = "<group>"; };
		6811509D1C62348A00F7B444 /* BaseDao.swift */ = {isa = PBXFileReference; fileEncoding = 4; lastKnownFileType = sourcecode.swift; path = BaseDao.swift; sourceTree = "<group>"; };
		6811509F1C62349800F7B444 /* TumeKyouenDao.swift */ = {isa = PBXFileReference; fileEncoding = 4; lastKnownFileType = sourcecode.swift; path = TumeKyouenDao.swift; sourceTree = "<group>"; };
		681150A11C6234A300F7B444 /* SettingDao.swift */ = {isa = PBXFileReference; fileEncoding = 4; lastKnownFileType = sourcecode.swift; path = SettingDao.swift; sourceTree = "<group>"; };
		681150A31C6234B000F7B444 /* TwitterTokenDao.swift */ = {isa = PBXFileReference; fileEncoding = 4; lastKnownFileType = sourcecode.swift; path = TwitterTokenDao.swift; sourceTree = "<group>"; };
		68252F891C68A13A008E6E85 /* AdMobUtil.swift */ = {isa = PBXFileReference; fileEncoding = 4; lastKnownFileType = sourcecode.swift; path = AdMobUtil.swift; sourceTree = "<group>"; };
		68252F8B1C68A145008E6E85 /* TKTwitterManager.swift */ = {isa = PBXFileReference; fileEncoding = 4; lastKnownFileType = sourcecode.swift; path = TKTwitterManager.swift; sourceTree = "<group>"; };
		68252F8D1C68A151008E6E85 /* TKSignedRequest.swift */ = {isa = PBXFileReference; fileEncoding = 4; lastKnownFileType = sourcecode.swift; path = TKSignedRequest.swift; sourceTree = "<group>"; };
		68252F8F1C6A0225008E6E85 /* TKKyouenViewController.swift */ = {isa = PBXFileReference; fileEncoding = 4; lastKnownFileType = sourcecode.swift; path = TKKyouenViewController.swift; sourceTree = "<group>"; };
		68252F911C6A022E008E6E85 /* TKTitleViewController.swift */ = {isa = PBXFileReference; fileEncoding = 4; lastKnownFileType = sourcecode.swift; path = TKTitleViewController.swift; sourceTree = "<group>"; };
		6831FDC616E1BF0A00291810 /* initial_stage.csv */ = {isa = PBXFileReference; fileEncoding = 4; lastKnownFileType = text; path = initial_stage.csv; sourceTree = "<group>"; };
		68390B5B179301E700954896 /* Social.framework */ = {isa = PBXFileReference; lastKnownFileType = wrapper.framework; name = Social.framework; path = System/Library/Frameworks/Social.framework; sourceTree = SDKROOT; };
		68390B5E17A3B0A500954896 /* Accounts.framework */ = {isa = PBXFileReference; lastKnownFileType = wrapper.framework; name = Accounts.framework; path = System/Library/Frameworks/Accounts.framework; sourceTree = SDKROOT; };
		685915EF1C6706DB001FF3AA /* KyouenImageView.swift */ = {isa = PBXFileReference; fileEncoding = 4; lastKnownFileType = sourcecode.swift; path = KyouenImageView.swift; sourceTree = "<group>"; };
		685915F11C6706EA001FF3AA /* StoneButton.swift */ = {isa = PBXFileReference; fileEncoding = 4; lastKnownFileType = sourcecode.swift; path = StoneButton.swift; sourceTree = "<group>"; };
		685915F31C6706FE001FF3AA /* OverlayKyouenView.swift */ = {isa = PBXFileReference; fileEncoding = 4; lastKnownFileType = sourcecode.swift; path = OverlayKyouenView.swift; sourceTree = "<group>"; };
		686D0E731C54A1AF00A67A0E /* TumeKyouenServer.swift */ = {isa = PBXFileReference; fileEncoding = 4; lastKnownFileType = sourcecode.swift; path = TumeKyouenServer.swift; sourceTree = "<group>"; };
		686D0E751C5BB1F200A67A0E /* Line.swift */ = {isa = PBXFileReference; fileEncoding = 4; lastKnownFileType = sourcecode.swift; path = Line.swift; sourceTree = "<group>"; };
		686D0E771C5BB1FE00A67A0E /* Point.swift */ = {isa = PBXFileReference; fileEncoding = 4; lastKnownFileType = sourcecode.swift; path = Point.swift; sourceTree = "<group>"; };
		686D0E791C5BBED700A67A0E /* GameModel.swift */ = {isa = PBXFileReference; fileEncoding = 4; lastKnownFileType = sourcecode.swift; path = GameModel.swift; sourceTree = "<group>"; };
		686D0E7B1C5BBEE300A67A0E /* KyouenData.swift */ = {isa = PBXFileReference; fileEncoding = 4; lastKnownFileType = sourcecode.swift; path = KyouenData.swift; sourceTree = "<group>"; };
		686D0E7D1C5F962D00A67A0E /* TumeKyouenModel.swift */ = {isa = PBXFileReference; fileEncoding = 4; lastKnownFileType = sourcecode.swift; path = TumeKyouenModel.swift; sourceTree = "<group>"; };
		6878F9B618799A8700BBF8A9 /* Images.xcassets */ = {isa = PBXFileReference; lastKnownFileType = folder.assetcatalog; path = Images.xcassets; sourceTree = "<group>"; };
		688A435F187059EF00B19834 /* iAd.framework */ = {isa = PBXFileReference; lastKnownFileType = wrapper.framework; name = iAd.framework; path = System/Library/Frameworks/iAd.framework; sourceTree = SDKROOT; };
		688C015018E9C08F00EECC9A /* en */ = {isa = PBXFileReference; lastKnownFileType = text.plist.strings; name = en; path = en.lproj/InfoPlist.strings; sourceTree = "<group>"; };
		688C015218E9C09500EECC9A /* ja */ = {isa = PBXFileReference; lastKnownFileType = text.plist.strings; name = ja; path = ja.lproj/InfoPlist.strings; sourceTree = "<group>"; };
		68924FB6187158670029B234 /* Base */ = {isa = PBXFileReference; lastKnownFileType = file.storyboard; name = Base; path = Base.lproj/MainStoryboard.storyboard; sourceTree = "<group>"; };
		68924FB7187158A70029B234 /* ja */ = {isa = PBXFileReference; lastKnownFileType = text.plist.strings; name = ja; path = ja.lproj/MainStoryboard.strings; sourceTree = "<group>"; };
		68924FB8187158A70029B234 /* ja */ = {isa = PBXFileReference; fileEncoding = 10; lastKnownFileType = text.plist.strings; name = ja; path = ja.lproj/Localizable.strings; sourceTree = "<group>"; };
		689825A916D9320C00D89D0B /* TumeKyouen.app */ = {isa = PBXFileReference; explicitFileType = wrapper.application; includeInIndex = 0; path = TumeKyouen.app; sourceTree = BUILT_PRODUCTS_DIR; };
		689825AC16D9320C00D89D0B /* UIKit.framework */ = {isa = PBXFileReference; lastKnownFileType = wrapper.framework; name = UIKit.framework; path = System/Library/Frameworks/UIKit.framework; sourceTree = SDKROOT; };
		689825AE16D9320C00D89D0B /* Foundation.framework */ = {isa = PBXFileReference; lastKnownFileType = wrapper.framework; name = Foundation.framework; path = System/Library/Frameworks/Foundation.framework; sourceTree = SDKROOT; };
		689825B016D9320C00D89D0B /* CoreGraphics.framework */ = {isa = PBXFileReference; lastKnownFileType = wrapper.framework; name = CoreGraphics.framework; path = System/Library/Frameworks/CoreGraphics.framework; sourceTree = SDKROOT; };
		689825B416D9320C00D89D0B /* TumeKyouen-Info.plist */ = {isa = PBXFileReference; lastKnownFileType = text.plist.xml; path = "TumeKyouen-Info.plist"; sourceTree = "<group>"; };
		689825B616D9320C00D89D0B /* en */ = {isa = PBXFileReference; fileEncoding = 10; lastKnownFileType = text.plist.strings; name = en; path = en.lproj/Localizable.strings; sourceTree = "<group>"; };
		689825CF16D9320C00D89D0B /* TumeKyouenTests.xctest */ = {isa = PBXFileReference; explicitFileType = wrapper.cfbundle; includeInIndex = 0; path = TumeKyouenTests.xctest; sourceTree = BUILT_PRODUCTS_DIR; };
		689825D816D9320C00D89D0B /* TumeKyouenTests-Info.plist */ = {isa = PBXFileReference; lastKnownFileType = text.plist.xml; path = "TumeKyouenTests-Info.plist"; sourceTree = "<group>"; };
		689825DC16D9320C00D89D0B /* TumeKyouenTests.h */ = {isa = PBXFileReference; lastKnownFileType = sourcecode.c.h; path = TumeKyouenTests.h; sourceTree = "<group>"; };
		689825DD16D9320C00D89D0B /* TumeKyouenTests.m */ = {isa = PBXFileReference; lastKnownFileType = sourcecode.c.objc; path = TumeKyouenTests.m; sourceTree = "<group>"; };
		6898262216D934DA00D89D0B /* QuartzCore.framework */ = {isa = PBXFileReference; lastKnownFileType = wrapper.framework; name = QuartzCore.framework; path = System/Library/Frameworks/QuartzCore.framework; sourceTree = SDKROOT; };
		6898262416D934E300D89D0B /* AudioToolbox.framework */ = {isa = PBXFileReference; lastKnownFileType = wrapper.framework; name = AudioToolbox.framework; path = System/Library/Frameworks/AudioToolbox.framework; sourceTree = SDKROOT; };
		6898262616D934EC00D89D0B /* MessageUI.framework */ = {isa = PBXFileReference; lastKnownFileType = wrapper.framework; name = MessageUI.framework; path = System/Library/Frameworks/MessageUI.framework; sourceTree = SDKROOT; };
		6898262816D934F400D89D0B /* SystemConfiguration.framework */ = {isa = PBXFileReference; lastKnownFileType = wrapper.framework; name = SystemConfiguration.framework; path = System/Library/Frameworks/SystemConfiguration.framework; sourceTree = SDKROOT; };
		6898262A16D934FA00D89D0B /* AdSupport.framework */ = {isa = PBXFileReference; lastKnownFileType = wrapper.framework; name = AdSupport.framework; path = System/Library/Frameworks/AdSupport.framework; sourceTree = SDKROOT; };
		6898262C16D9350000D89D0B /* StoreKit.framework */ = {isa = PBXFileReference; lastKnownFileType = wrapper.framework; name = StoreKit.framework; path = System/Library/Frameworks/StoreKit.framework; sourceTree = SDKROOT; };
		6898268916DA2A5B00D89D0B /* TumeKyouen.xcdatamodel */ = {isa = PBXFileReference; lastKnownFileType = wrapper.xcdatamodel; path = TumeKyouen.xcdatamodel; sourceTree = "<group>"; };
		6898268E16DA592000D89D0B /* CoreData.framework */ = {isa = PBXFileReference; lastKnownFileType = wrapper.framework; name = CoreData.framework; path = System/Library/Frameworks/CoreData.framework; sourceTree = SDKROOT; };
		6899B32118704B5A00C0441E /* AVFoundation.framework */ = {isa = PBXFileReference; lastKnownFileType = wrapper.framework; name = AVFoundation.framework; path = System/Library/Frameworks/AVFoundation.framework; sourceTree = SDKROOT; };
		68B183A918E3348400CCF333 /* CoreTelephony.framework */ = {isa = PBXFileReference; lastKnownFileType = wrapper.framework; name = CoreTelephony.framework; path = System/Library/Frameworks/CoreTelephony.framework; sourceTree = SDKROOT; };
		68B8F98818E86D5500EDC03A /* Settings.bundle */ = {isa = PBXFileReference; lastKnownFileType = "wrapper.plug-in"; path = Settings.bundle; sourceTree = "<group>"; };
		68BD36161791973C00B45FDE /* CFNetwork.framework */ = {isa = PBXFileReference; lastKnownFileType = wrapper.framework; name = CFNetwork.framework; path = System/Library/Frameworks/CFNetwork.framework; sourceTree = SDKROOT; };
		68BD36181791974C00B45FDE /* Security.framework */ = {isa = PBXFileReference; lastKnownFileType = wrapper.framework; name = Security.framework; path = System/Library/Frameworks/Security.framework; sourceTree = SDKROOT; };
		68BD361A1791988500B45FDE /* MobileCoreServices.framework */ = {isa = PBXFileReference; lastKnownFileType = wrapper.framework; name = MobileCoreServices.framework; path = System/Library/Frameworks/MobileCoreServices.framework; sourceTree = SDKROOT; };
		68EC8BDC1871EB49002D79B6 /* en */ = {isa = PBXFileReference; lastKnownFileType = text.plist.strings; name = en; path = en.lproj/MainStoryboard.strings; sourceTree = "<group>"; };
		68FB69361C6CAE8C003883FE /* TKAppDelegate.swift */ = {isa = PBXFileReference; fileEncoding = 4; lastKnownFileType = sourcecode.swift; path = TKAppDelegate.swift; sourceTree = "<group>"; };
		E31973564E2CEDECEB1A4CE9 /* Pods_TumeKyouen.framework */ = {isa = PBXFileReference; explicitFileType = wrapper.framework; includeInIndex = 0; path = Pods_TumeKyouen.framework; sourceTree = BUILT_PRODUCTS_DIR; };
/* End PBXFileReference section */

/* Begin PBXFrameworksBuildPhase section */
		689825A616D9320C00D89D0B /* Frameworks */ = {
			isa = PBXFrameworksBuildPhase;
			buildActionMask = 2147483647;
			files = (
				68B183AA18E3348400CCF333 /* CoreTelephony.framework in Frameworks */,
				6898262D16D9350000D89D0B /* StoreKit.framework in Frameworks */,
				6898262B16D934FA00D89D0B /* AdSupport.framework in Frameworks */,
				6899B32218704B5A00C0441E /* AVFoundation.framework in Frameworks */,
				68390B5F17A3B0A500954896 /* Accounts.framework in Frameworks */,
				68390B5D179305E000954896 /* Social.framework in Frameworks */,
				68BD361B1791988500B45FDE /* MobileCoreServices.framework in Frameworks */,
				68BD36191791974C00B45FDE /* Security.framework in Frameworks */,
				68BD36171791973C00B45FDE /* CFNetwork.framework in Frameworks */,
				6898268F16DA592000D89D0B /* CoreData.framework in Frameworks */,
				6898262916D934F400D89D0B /* SystemConfiguration.framework in Frameworks */,
				6898262716D934EC00D89D0B /* MessageUI.framework in Frameworks */,
				6898262516D934E300D89D0B /* AudioToolbox.framework in Frameworks */,
				6898262316D934DA00D89D0B /* QuartzCore.framework in Frameworks */,
				689825AD16D9320C00D89D0B /* UIKit.framework in Frameworks */,
				689825AF16D9320C00D89D0B /* Foundation.framework in Frameworks */,
				689825B116D9320C00D89D0B /* CoreGraphics.framework in Frameworks */,
				1FF8DB07D6D373E6BF2FE910 /* Pods_TumeKyouen.framework in Frameworks */,
			);
			runOnlyForDeploymentPostprocessing = 0;
		};
		689825CB16D9320C00D89D0B /* Frameworks */ = {
			isa = PBXFrameworksBuildPhase;
			buildActionMask = 2147483647;
			files = (
				689825D216D9320C00D89D0B /* UIKit.framework in Frameworks */,
				689825D316D9320C00D89D0B /* Foundation.framework in Frameworks */,
			);
			runOnlyForDeploymentPostprocessing = 0;
		};
/* End PBXFrameworksBuildPhase section */

/* Begin PBXGroup section */
		6831FDC816E32E3800291810 /* Dao */ = {
			isa = PBXGroup;
			children = (
				6811509D1C62348A00F7B444 /* BaseDao.swift */,
				6811509F1C62349800F7B444 /* TumeKyouenDao.swift */,
				681150A11C6234A300F7B444 /* SettingDao.swift */,
				681150A31C6234B000F7B444 /* TwitterTokenDao.swift */,
			);
			path = Dao;
			sourceTree = "<group>";
		};
		6890DEAF16F614E8001E6A09 /* Network */ = {
			isa = PBXGroup;
			children = (
				686D0E731C54A1AF00A67A0E /* TumeKyouenServer.swift */,
			);
			path = Network;
			sourceTree = "<group>";
		};
		689825A016D9320C00D89D0B = {
			isa = PBXGroup;
			children = (
				689825B216D9320C00D89D0B /* TumeKyouen */,
				689825D616D9320C00D89D0B /* TumeKyouenTests */,
				689825AB16D9320C00D89D0B /* Frameworks */,
				689825AA16D9320C00D89D0B /* Products */,
				E7A65398D8EF498105B100B3 /* Pods */,
			);
			sourceTree = "<group>";
		};
		689825AA16D9320C00D89D0B /* Products */ = {
			isa = PBXGroup;
			children = (
				689825A916D9320C00D89D0B /* TumeKyouen.app */,
				689825CF16D9320C00D89D0B /* TumeKyouenTests.xctest */,
			);
			name = Products;
			sourceTree = "<group>";
		};
		689825AB16D9320C00D89D0B /* Frameworks */ = {
			isa = PBXGroup;
			children = (
				68B183A918E3348400CCF333 /* CoreTelephony.framework */,
				688A435F187059EF00B19834 /* iAd.framework */,
				6899B32118704B5A00C0441E /* AVFoundation.framework */,
				68390B5E17A3B0A500954896 /* Accounts.framework */,
				68390B5B179301E700954896 /* Social.framework */,
				68BD361A1791988500B45FDE /* MobileCoreServices.framework */,
				68BD36181791974C00B45FDE /* Security.framework */,
				68BD36161791973C00B45FDE /* CFNetwork.framework */,
				6898268E16DA592000D89D0B /* CoreData.framework */,
				6898262C16D9350000D89D0B /* StoreKit.framework */,
				6898262A16D934FA00D89D0B /* AdSupport.framework */,
				6898262816D934F400D89D0B /* SystemConfiguration.framework */,
				6898262616D934EC00D89D0B /* MessageUI.framework */,
				6898262416D934E300D89D0B /* AudioToolbox.framework */,
				6898262216D934DA00D89D0B /* QuartzCore.framework */,
				689825AC16D9320C00D89D0B /* UIKit.framework */,
				689825AE16D9320C00D89D0B /* Foundation.framework */,
				689825B016D9320C00D89D0B /* CoreGraphics.framework */,
				E31973564E2CEDECEB1A4CE9 /* Pods_TumeKyouen.framework */,
			);
			name = Frameworks;
			sourceTree = "<group>";
		};
		689825B216D9320C00D89D0B /* TumeKyouen */ = {
			isa = PBXGroup;
			children = (
				6898269016DA5E1900D89D0B /* Application Delegate */,
				68AFAE3C16EA30D10076DE31 /* View Controllers */,
				6831FDC816E32E3800291810 /* Dao */,
				68AFAE3816EA30320076DE31 /* Dto */,
				689825FE16D933AC00D89D0B /* View */,
				68AFAE3D16EA32F00076DE31 /* Model */,
				6890DEAF16F614E8001E6A09 /* Network */,
				689825FB16D933AC00D89D0B /* Util */,
				689825F516D933AC00D89D0B /* Resources */,
				6878F9B618799A8700BBF8A9 /* Images.xcassets */,
				689825B316D9320C00D89D0B /* Supporting Files */,
			);
			path = TumeKyouen;
			sourceTree = "<group>";
		};
		689825B316D9320C00D89D0B /* Supporting Files */ = {
			isa = PBXGroup;
			children = (
				689825B416D9320C00D89D0B /* TumeKyouen-Info.plist */,
				689825B516D9320C00D89D0B /* Localizable.strings */,
				688C015118E9C08F00EECC9A /* InfoPlist.strings */,
			);
			name = "Supporting Files";
			sourceTree = "<group>";
		};
		689825D616D9320C00D89D0B /* TumeKyouenTests */ = {
			isa = PBXGroup;
			children = (
				689825DC16D9320C00D89D0B /* TumeKyouenTests.h */,
				689825DD16D9320C00D89D0B /* TumeKyouenTests.m */,
				689825D716D9320C00D89D0B /* Supporting Files */,
			);
			path = TumeKyouenTests;
			sourceTree = "<group>";
		};
		689825D716D9320C00D89D0B /* Supporting Files */ = {
			isa = PBXGroup;
			children = (
				689825D816D9320C00D89D0B /* TumeKyouenTests-Info.plist */,
			);
			name = "Supporting Files";
			sourceTree = "<group>";
		};
		689825F516D933AC00D89D0B /* Resources */ = {
			isa = PBXGroup;
			children = (
				68B8F98818E86D5500EDC03A /* Settings.bundle */,
				689825C416D9320C00D89D0B /* MainStoryboard.storyboard */,
				6831FDC616E1BF0A00291810 /* initial_stage.csv */,
				6898268816DA2A5B00D89D0B /* TumeKyouen.xcdatamodeld */,
			);
			path = Resources;
			sourceTree = "<group>";
		};
		689825FB16D933AC00D89D0B /* Util */ = {
			isa = PBXGroup;
			children = (
				68252F891C68A13A008E6E85 /* AdMobUtil.swift */,
				68252F8B1C68A145008E6E85 /* TKTwitterManager.swift */,
				68252F8D1C68A151008E6E85 /* TKSignedRequest.swift */,
			);
			path = Util;
			sourceTree = "<group>";
		};
		689825FE16D933AC00D89D0B /* View */ = {
			isa = PBXGroup;
			children = (
				685915EF1C6706DB001FF3AA /* KyouenImageView.swift */,
				685915F11C6706EA001FF3AA /* StoneButton.swift */,
				685915F31C6706FE001FF3AA /* OverlayKyouenView.swift */,
			);
			path = View;
			sourceTree = "<group>";
		};
		6898269016DA5E1900D89D0B /* Application Delegate */ = {
			isa = PBXGroup;
			children = (
				68FB69361C6CAE8C003883FE /* TKAppDelegate.swift */,
			);
			path = "Application Delegate";
			sourceTree = "<group>";
		};
		68AFAE3816EA30320076DE31 /* Dto */ = {
			isa = PBXGroup;
			children = (
				686D0E7D1C5F962D00A67A0E /* TumeKyouenModel.swift */,
			);
			path = Dto;
			sourceTree = "<group>";
		};
		68AFAE3C16EA30D10076DE31 /* View Controllers */ = {
			isa = PBXGroup;
			children = (
				68252F911C6A022E008E6E85 /* TKTitleViewController.swift */,
				68252F8F1C6A0225008E6E85 /* TKKyouenViewController.swift */,
			);
			path = "View Controllers";
			sourceTree = "<group>";
		};
		68AFAE3D16EA32F00076DE31 /* Model */ = {
			isa = PBXGroup;
			children = (
				686D0E751C5BB1F200A67A0E /* Line.swift */,
				686D0E771C5BB1FE00A67A0E /* Point.swift */,
				686D0E791C5BBED700A67A0E /* GameModel.swift */,
				686D0E7B1C5BBEE300A67A0E /* KyouenData.swift */,
			);
			path = Model;
			sourceTree = "<group>";
		};
		E7A65398D8EF498105B100B3 /* Pods */ = {
			isa = PBXGroup;
			children = (
				42FF7AA7017D9BBB925FC02D /* Pods-TumeKyouen.debug.xcconfig */,
				5DBFF274A3B2E0D0200A9CEC /* Pods-TumeKyouen.release.xcconfig */,
			);
			name = Pods;
			sourceTree = "<group>";
		};
/* End PBXGroup section */

/* Begin PBXNativeTarget section */
		689825A816D9320C00D89D0B /* TumeKyouen */ = {
			isa = PBXNativeTarget;
			buildConfigurationList = 689825E116D9320C00D89D0B /* Build configuration list for PBXNativeTarget "TumeKyouen" */;
			buildPhases = (
				010B6339C739D2F40163FEB5 /* Check Pods Manifest.lock */,
				689825A516D9320C00D89D0B /* Sources */,
				689825A616D9320C00D89D0B /* Frameworks */,
				689825A716D9320C00D89D0B /* Resources */,
				51BC12F51C194F4F00346BC9 /* ShellScript */,
				626ED88FE6FEE25B7377E51F /* Embed Pods Frameworks */,
				F27DE6D50D8EF87E241191E2 /* Copy Pods Resources */,
			);
			buildRules = (
			);
			dependencies = (
			);
			name = TumeKyouen;
			productName = TumeKyouen;
			productReference = 689825A916D9320C00D89D0B /* TumeKyouen.app */;
			productType = "com.apple.product-type.application";
		};
		689825CE16D9320C00D89D0B /* TumeKyouenTests */ = {
			isa = PBXNativeTarget;
			buildConfigurationList = 689825E416D9320C00D89D0B /* Build configuration list for PBXNativeTarget "TumeKyouenTests" */;
			buildPhases = (
				689825CA16D9320C00D89D0B /* Sources */,
				689825CB16D9320C00D89D0B /* Frameworks */,
				689825CC16D9320C00D89D0B /* Resources */,
				689825CD16D9320C00D89D0B /* ShellScript */,
			);
			buildRules = (
			);
			dependencies = (
				689825D516D9320C00D89D0B /* PBXTargetDependency */,
			);
			name = TumeKyouenTests;
			productName = TumeKyouenTests;
			productReference = 689825CF16D9320C00D89D0B /* TumeKyouenTests.xctest */;
			productType = "com.apple.product-type.bundle.unit-test";
		};
/* End PBXNativeTarget section */

/* Begin PBXProject section */
		689825A116D9320C00D89D0B /* Project object */ = {
			isa = PBXProject;
			attributes = {
				CLASSPREFIX = TK;
				LastSwiftUpdateCheck = 0710;
				LastTestingUpgradeCheck = 0510;
				LastUpgradeCheck = 0700;
				ORGANIZATIONNAME = noboru;
				TargetAttributes = {
					689825A816D9320C00D89D0B = {
						DevelopmentTeam = 56W5SXE4HE;
					};
				};
			};
			buildConfigurationList = 689825A416D9320C00D89D0B /* Build configuration list for PBXProject "TumeKyouen" */;
			compatibilityVersion = "Xcode 3.2";
			developmentRegion = English;
			hasScannedForEncodings = 0;
			knownRegions = (
				en,
				Base,
				ja,
			);
			mainGroup = 689825A016D9320C00D89D0B;
			productRefGroup = 689825AA16D9320C00D89D0B /* Products */;
			projectDirPath = "";
			projectRoot = "";
			targets = (
				689825A816D9320C00D89D0B /* TumeKyouen */,
				689825CE16D9320C00D89D0B /* TumeKyouenTests */,
			);
		};
/* End PBXProject section */

/* Begin PBXResourcesBuildPhase section */
		689825A716D9320C00D89D0B /* Resources */ = {
			isa = PBXResourcesBuildPhase;
			buildActionMask = 2147483647;
			files = (
				689825B716D9320C00D89D0B /* Localizable.strings in Resources */,
				689825C616D9320C00D89D0B /* MainStoryboard.storyboard in Resources */,
				68B8F98918E86D5500EDC03A /* Settings.bundle in Resources */,
				688C014F18E9C08F00EECC9A /* InfoPlist.strings in Resources */,
				6878F9B718799A8800BBF8A9 /* Images.xcassets in Resources */,
				6831FDC716E1BF0A00291810 /* initial_stage.csv in Resources */,
			);
			runOnlyForDeploymentPostprocessing = 0;
		};
		689825CC16D9320C00D89D0B /* Resources */ = {
			isa = PBXResourcesBuildPhase;
			buildActionMask = 2147483647;
			files = (
			);
			runOnlyForDeploymentPostprocessing = 0;
		};
/* End PBXResourcesBuildPhase section */

/* Begin PBXShellScriptBuildPhase section */
		010B6339C739D2F40163FEB5 /* Check Pods Manifest.lock */ = {
			isa = PBXShellScriptBuildPhase;
			buildActionMask = 2147483647;
			files = (
			);
			inputPaths = (
			);
			name = "Check Pods Manifest.lock";
			outputPaths = (
			);
			runOnlyForDeploymentPostprocessing = 0;
			shellPath = /bin/sh;
			shellScript = "diff \"${PODS_ROOT}/../Podfile.lock\" \"${PODS_ROOT}/Manifest.lock\" > /dev/null\nif [[ $? != 0 ]] ; then\n    cat << EOM\nerror: The sandbox is not in sync with the Podfile.lock. Run 'pod install' or update your CocoaPods installation.\nEOM\n    exit 1\nfi\n";
			showEnvVarsInLog = 0;
		};
		51BC12F51C194F4F00346BC9 /* ShellScript */ = {
			isa = PBXShellScriptBuildPhase;
			buildActionMask = 2147483647;
			files = (
			);
			inputPaths = (
			);
			outputPaths = (
			);
			runOnlyForDeploymentPostprocessing = 0;
			shellPath = /bin/sh;
			shellScript = "if which swiftlint >/dev/null; then\nswiftlint\nelse\necho \"SwiftLint does not exist, download from https://github.com/realm/SwiftLint\"\nfi";
		};
		626ED88FE6FEE25B7377E51F /* Embed Pods Frameworks */ = {
			isa = PBXShellScriptBuildPhase;
			buildActionMask = 2147483647;
			files = (
			);
			inputPaths = (
			);
			name = "Embed Pods Frameworks";
			outputPaths = (
			);
			runOnlyForDeploymentPostprocessing = 0;
			shellPath = /bin/sh;
			shellScript = "\"${SRCROOT}/Pods/Target Support Files/Pods-TumeKyouen/Pods-TumeKyouen-frameworks.sh\"\n";
			showEnvVarsInLog = 0;
		};
		689825CD16D9320C00D89D0B /* ShellScript */ = {
			isa = PBXShellScriptBuildPhase;
			buildActionMask = 2147483647;
			files = (
			);
			inputPaths = (
			);
			outputPaths = (
			);
			runOnlyForDeploymentPostprocessing = 0;
			shellPath = /bin/sh;
			shellScript = "# Run the unit tests in this test bundle.\n\"${SYSTEM_DEVELOPER_DIR}/Tools/RunUnitTests\"\n";
		};
		F27DE6D50D8EF87E241191E2 /* Copy Pods Resources */ = {
			isa = PBXShellScriptBuildPhase;
			buildActionMask = 2147483647;
			files = (
			);
			inputPaths = (
			);
			name = "Copy Pods Resources";
			outputPaths = (
			);
			runOnlyForDeploymentPostprocessing = 0;
			shellPath = /bin/sh;
			shellScript = "\"${SRCROOT}/Pods/Target Support Files/Pods-TumeKyouen/Pods-TumeKyouen-resources.sh\"\n";
			showEnvVarsInLog = 0;
		};
/* End PBXShellScriptBuildPhase section */

/* Begin PBXSourcesBuildPhase section */
		689825A516D9320C00D89D0B /* Sources */ = {
			isa = PBXSourcesBuildPhase;
			buildActionMask = 2147483647;
			files = (
				686D0E7E1C5F962D00A67A0E /* TumeKyouenModel.swift in Sources */,
				68252F921C6A022E008E6E85 /* TKTitleViewController.swift in Sources */,
				68FB69371C6CAE8C003883FE /* TKAppDelegate.swift in Sources */,
				68252F8E1C68A151008E6E85 /* TKSignedRequest.swift in Sources */,
				6811509E1C62348A00F7B444 /* BaseDao.swift in Sources */,
				686D0E7A1C5BBED700A67A0E /* GameModel.swift in Sources */,
				6898268A16DA2A5B00D89D0B /* TumeKyouen.xcdatamodeld in Sources */,
				686D0E781C5BB1FE00A67A0E /* Point.swift in Sources */,
				68252F901C6A0225008E6E85 /* TKKyouenViewController.swift in Sources */,
				681150A41C6234B000F7B444 /* TwitterTokenDao.swift in Sources */,
				681150A21C6234A300F7B444 /* SettingDao.swift in Sources */,
				68252F8C1C68A145008E6E85 /* TKTwitterManager.swift in Sources */,
				685915F21C6706EA001FF3AA /* StoneButton.swift in Sources */,
				686D0E7C1C5BBEE300A67A0E /* KyouenData.swift in Sources */,
				685915F41C6706FE001FF3AA /* OverlayKyouenView.swift in Sources */,
				68252F8A1C68A13A008E6E85 /* AdMobUtil.swift in Sources */,
				686D0E761C5BB1F200A67A0E /* Line.swift in Sources */,
				685915F01C6706DB001FF3AA /* KyouenImageView.swift in Sources */,
				681150A01C62349800F7B444 /* TumeKyouenDao.swift in Sources */,
				686D0E741C54A1AF00A67A0E /* TumeKyouenServer.swift in Sources */,
			);
			runOnlyForDeploymentPostprocessing = 0;
		};
		689825CA16D9320C00D89D0B /* Sources */ = {
			isa = PBXSourcesBuildPhase;
			buildActionMask = 2147483647;
			files = (
				689825DE16D9320C00D89D0B /* TumeKyouenTests.m in Sources */,
			);
			runOnlyForDeploymentPostprocessing = 0;
		};
/* End PBXSourcesBuildPhase section */

/* Begin PBXTargetDependency section */
		689825D516D9320C00D89D0B /* PBXTargetDependency */ = {
			isa = PBXTargetDependency;
			target = 689825A816D9320C00D89D0B /* TumeKyouen */;
			targetProxy = 689825D416D9320C00D89D0B /* PBXContainerItemProxy */;
		};
/* End PBXTargetDependency section */

/* Begin PBXVariantGroup section */
		688C015118E9C08F00EECC9A /* InfoPlist.strings */ = {
			isa = PBXVariantGroup;
			children = (
				688C015018E9C08F00EECC9A /* en */,
				688C015218E9C09500EECC9A /* ja */,
			);
			name = InfoPlist.strings;
			sourceTree = "<group>";
		};
		689825B516D9320C00D89D0B /* Localizable.strings */ = {
			isa = PBXVariantGroup;
			children = (
				689825B616D9320C00D89D0B /* en */,
				68924FB8187158A70029B234 /* ja */,
			);
			name = Localizable.strings;
			sourceTree = "<group>";
		};
		689825C416D9320C00D89D0B /* MainStoryboard.storyboard */ = {
			isa = PBXVariantGroup;
			children = (
				68924FB6187158670029B234 /* Base */,
				68924FB7187158A70029B234 /* ja */,
				68EC8BDC1871EB49002D79B6 /* en */,
			);
			name = MainStoryboard.storyboard;
			path = ..;
			sourceTree = "<group>";
		};
/* End PBXVariantGroup section */

/* Begin XCBuildConfiguration section */
		689825DF16D9320C00D89D0B /* Debug */ = {
			isa = XCBuildConfiguration;
			buildSettings = {
				ALWAYS_SEARCH_USER_PATHS = NO;
				CLANG_CXX_LANGUAGE_STANDARD = "gnu++0x";
				CLANG_CXX_LIBRARY = "libc++";
				CLANG_ENABLE_MODULES = YES;
				CLANG_ENABLE_OBJC_ARC = YES;
				CLANG_WARN_CONSTANT_CONVERSION = YES;
				CLANG_WARN_EMPTY_BODY = YES;
				CLANG_WARN_ENUM_CONVERSION = YES;
				CLANG_WARN_INT_CONVERSION = YES;
				CLANG_WARN__DUPLICATE_METHOD_MATCH = YES;
				CODE_SIGN_IDENTITY = "iPhone Developer";
				"CODE_SIGN_IDENTITY[sdk=iphoneos*]" = "iPhone Developer";
				COPY_PHASE_STRIP = NO;
				ENABLE_BITCODE = NO;
				ENABLE_TESTABILITY = YES;
				GCC_C_LANGUAGE_STANDARD = gnu99;
				GCC_DYNAMIC_NO_PIC = NO;
				GCC_OPTIMIZATION_LEVEL = 0;
				GCC_PREPROCESSOR_DEFINITIONS = (
					"DEBUG=1",
					"$(inherited)",
				);
				GCC_SYMBOLS_PRIVATE_EXTERN = NO;
				GCC_WARN_ABOUT_RETURN_TYPE = YES;
				GCC_WARN_UNINITIALIZED_AUTOS = YES;
				GCC_WARN_UNUSED_VARIABLE = YES;
				IPHONEOS_DEPLOYMENT_TARGET = 8.0;
				ONLY_ACTIVE_ARCH = YES;
				PROVISIONING_PROFILE = "";
				SDKROOT = iphoneos;
				VALID_ARCHS = "arm64 armv7 armv7s";
			};
			name = Debug;
		};
		689825E016D9320C00D89D0B /* Release */ = {
			isa = XCBuildConfiguration;
			buildSettings = {
				ALWAYS_SEARCH_USER_PATHS = NO;
				CLANG_CXX_LANGUAGE_STANDARD = "gnu++0x";
				CLANG_CXX_LIBRARY = "libc++";
				CLANG_ENABLE_MODULES = YES;
				CLANG_ENABLE_OBJC_ARC = YES;
				CLANG_WARN_CONSTANT_CONVERSION = YES;
				CLANG_WARN_EMPTY_BODY = YES;
				CLANG_WARN_ENUM_CONVERSION = YES;
				CLANG_WARN_INT_CONVERSION = YES;
				CLANG_WARN__DUPLICATE_METHOD_MATCH = YES;
				CODE_SIGN_IDENTITY = "iPhone Distribution";
				"CODE_SIGN_IDENTITY[sdk=iphoneos*]" = "iPhone Distribution";
				COPY_PHASE_STRIP = YES;
				ENABLE_BITCODE = NO;
				GCC_C_LANGUAGE_STANDARD = gnu99;
				GCC_WARN_ABOUT_RETURN_TYPE = YES;
				GCC_WARN_UNINITIALIZED_AUTOS = YES;
				GCC_WARN_UNUSED_VARIABLE = YES;
				IPHONEOS_DEPLOYMENT_TARGET = 8.0;
				OTHER_CFLAGS = "-DNS_BLOCK_ASSERTIONS=1";
				PROVISIONING_PROFILE = "";
				SDKROOT = iphoneos;
				VALIDATE_PRODUCT = YES;
				VALID_ARCHS = "arm64 armv7 armv7s";
			};
			name = Release;
		};
		689825E216D9320C00D89D0B /* Debug */ = {
			isa = XCBuildConfiguration;
			baseConfigurationReference = 42FF7AA7017D9BBB925FC02D /* Pods-TumeKyouen.debug.xcconfig */;
			buildSettings = {
				ASSETCATALOG_COMPILER_APPICON_NAME = AppIcon;
				ASSETCATALOG_COMPILER_LAUNCHIMAGE_NAME = LaunchImage;
				CLANG_ENABLE_MODULES = YES;
				CODE_SIGN_IDENTITY = "iPhone Developer: NOBORU ISHIKURA (CAJB52C9EZ)";
				"CODE_SIGN_IDENTITY[sdk=iphoneos*]" = "iPhone Developer: NOBORU ISHIKURA (CAJB52C9EZ)";
				CODE_SIGN_RESOURCE_RULES_PATH = "$(SDKROOT)/ResourceRules.plist";
				GCC_PRECOMPILE_PREFIX_HEADER = YES;
				GCC_PREFIX_HEADER = "";
				GCC_TREAT_WARNINGS_AS_ERRORS = YES;
				INFOPLIST_FILE = "TumeKyouen/TumeKyouen-Info.plist";
				LD_RUNPATH_SEARCH_PATHS = "$(inherited) @executable_path/Frameworks";
				LIBRARY_SEARCH_PATHS = "$(inherited)";
				ONLY_ACTIVE_ARCH = YES;
				OTHER_LDFLAGS = "$(inherited)";
				PRODUCT_BUNDLE_IDENTIFIER = "hm.orz.chaos114.${PRODUCT_NAME:rfc1034identifier}";
				PRODUCT_NAME = "$(TARGET_NAME)";
				PROVISIONING_PROFILE = "d36aee51-7930-4ec9-8300-fb7364a3e5f0";
				SWIFT_OBJC_BRIDGING_HEADER = "";
				SWIFT_OPTIMIZATION_LEVEL = "-Onone";
				VALID_ARCHS = "armv7 armv7s arm64";
				WRAPPER_EXTENSION = app;
			};
			name = Debug;
		};
		689825E316D9320C00D89D0B /* Release */ = {
			isa = XCBuildConfiguration;
			baseConfigurationReference = 5DBFF274A3B2E0D0200A9CEC /* Pods-TumeKyouen.release.xcconfig */;
			buildSettings = {
				ASSETCATALOG_COMPILER_APPICON_NAME = AppIcon;
				ASSETCATALOG_COMPILER_LAUNCHIMAGE_NAME = LaunchImage;
				CLANG_ENABLE_MODULES = YES;
				CODE_SIGN_IDENTITY = "iPhone Distribution: NOBORU ISHIKURA (56W5SXE4HE)";
				"CODE_SIGN_IDENTITY[sdk=iphoneos*]" = "iPhone Distribution: NOBORU ISHIKURA (56W5SXE4HE)";
				CODE_SIGN_RESOURCE_RULES_PATH = "$(SDKROOT)/ResourceRules.plist";
				GCC_PRECOMPILE_PREFIX_HEADER = YES;
				GCC_PREFIX_HEADER = "";
				GCC_TREAT_WARNINGS_AS_ERRORS = YES;
				INFOPLIST_FILE = "TumeKyouen/TumeKyouen-Info.plist";
				LD_RUNPATH_SEARCH_PATHS = "$(inherited) @executable_path/Frameworks";
				LIBRARY_SEARCH_PATHS = "$(inherited)";
				OTHER_LDFLAGS = "$(inherited)";
				PRODUCT_BUNDLE_IDENTIFIER = "hm.orz.chaos114.${PRODUCT_NAME:rfc1034identifier}";
				PRODUCT_NAME = "$(TARGET_NAME)";
				PROVISIONING_PROFILE = "fa915d7c-4c84-4978-ad02-1c9475cd3b20";
				SWIFT_OBJC_BRIDGING_HEADER = "";
				VALID_ARCHS = "armv7 armv7s arm64";
				WRAPPER_EXTENSION = app;
			};
			name = Release;
		};
		689825E516D9320C00D89D0B /* Debug */ = {
			isa = XCBuildConfiguration;
			buildSettings = {
				BUNDLE_LOADER = "$(BUILT_PRODUCTS_DIR)/TumeKyouen.app/TumeKyouen";
				FRAMEWORK_SEARCH_PATHS = (
					"\\\"$(SDKROOT)/Developer/Library/Frameworks\\\"",
					"\\\"$(DEVELOPER_LIBRARY_DIR)/Frameworks\\\"",
					"$(inherited)",
				);
				GCC_PRECOMPILE_PREFIX_HEADER = YES;
				GCC_PREFIX_HEADER = "";
				INFOPLIST_FILE = "TumeKyouenTests/TumeKyouenTests-Info.plist";
				PRODUCT_BUNDLE_IDENTIFIER = "hm.orz.chaos114.${PRODUCT_NAME:rfc1034identifier}";
				PRODUCT_NAME = "$(TARGET_NAME)";
				TEST_HOST = "$(BUNDLE_LOADER)";
			};
			name = Debug;
		};
		689825E616D9320C00D89D0B /* Release */ = {
			isa = XCBuildConfiguration;
			buildSettings = {
				BUNDLE_LOADER = "$(BUILT_PRODUCTS_DIR)/TumeKyouen.app/TumeKyouen";
				FRAMEWORK_SEARCH_PATHS = (
					"\\\"$(SDKROOT)/Developer/Library/Frameworks\\\"",
					"\\\"$(DEVELOPER_LIBRARY_DIR)/Frameworks\\\"",
					"$(inherited)",
				);
				GCC_PRECOMPILE_PREFIX_HEADER = YES;
				GCC_PREFIX_HEADER = "";
				INFOPLIST_FILE = "TumeKyouenTests/TumeKyouenTests-Info.plist";
				PRODUCT_BUNDLE_IDENTIFIER = "hm.orz.chaos114.${PRODUCT_NAME:rfc1034identifier}";
				PRODUCT_NAME = "$(TARGET_NAME)";
				TEST_HOST = "$(BUNDLE_LOADER)";
			};
			name = Release;
		};
/* End XCBuildConfiguration section */

/* Begin XCConfigurationList section */
		689825A416D9320C00D89D0B /* Build configuration list for PBXProject "TumeKyouen" */ = {
			isa = XCConfigurationList;
			buildConfigurations = (
				689825DF16D9320C00D89D0B /* Debug */,
				689825E016D9320C00D89D0B /* Release */,
			);
			defaultConfigurationIsVisible = 0;
			defaultConfigurationName = Release;
		};
		689825E116D9320C00D89D0B /* Build configuration list for PBXNativeTarget "TumeKyouen" */ = {
			isa = XCConfigurationList;
			buildConfigurations = (
				689825E216D9320C00D89D0B /* Debug */,
				689825E316D9320C00D89D0B /* Release */,
			);
			defaultConfigurationIsVisible = 0;
			defaultConfigurationName = Release;
		};
		689825E416D9320C00D89D0B /* Build configuration list for PBXNativeTarget "TumeKyouenTests" */ = {
			isa = XCConfigurationList;
			buildConfigurations = (
				689825E516D9320C00D89D0B /* Debug */,
				689825E616D9320C00D89D0B /* Release */,
			);
			defaultConfigurationIsVisible = 0;
			defaultConfigurationName = Release;
		};
/* End XCConfigurationList section */

/* Begin XCVersionGroup section */
		6898268816DA2A5B00D89D0B /* TumeKyouen.xcdatamodeld */ = {
			isa = XCVersionGroup;
			children = (
				6898268916DA2A5B00D89D0B /* TumeKyouen.xcdatamodel */,
			);
			currentVersion = 6898268916DA2A5B00D89D0B /* TumeKyouen.xcdatamodel */;
			path = TumeKyouen.xcdatamodeld;
			sourceTree = "<group>";
			versionGroupType = wrapper.xcdatamodel;
		};
/* End XCVersionGroup section */
	};
	rootObject = 689825A116D9320C00D89D0B /* Project object */;
}
