// !$*UTF8*$!
{
	archiveVersion = 1;
	classes = {
	};
	objectVersion = 48;
	objects = {

/* Begin PBXBuildFile section */
		511B938C205A9F7900BEC907 /* LaunchScreen.storyboard in Resources */ = {isa = PBXBuildFile; fileRef = 511B938B205A9F7900BEC907 /* LaunchScreen.storyboard */; };
		51581C9E2053C0E9008C3613 /* TumeKyouenTests.swift in Sources */ = {isa = PBXBuildFile; fileRef = 51581C9D2053C0E9008C3613 /* TumeKyouenTests.swift */; };
		51581CA720594987008C3613 /* Alamofire.framework in Frameworks */ = {isa = PBXBuildFile; fileRef = 51581CA620594987008C3613 /* Alamofire.framework */; };
		51581CAB2059611B008C3613 /* SVProgressHUD.framework in Frameworks */ = {isa = PBXBuildFile; fileRef = 51581CAA2059611B008C3613 /* SVProgressHUD.framework */; };
		51AB93F3205965FC00E28E52 /* TwitterKit.framework in Frameworks */ = {isa = PBXBuildFile; fileRef = 51AB93F1205965FC00E28E52 /* TwitterKit.framework */; };
		51AB93F42059683100E28E52 /* TwitterShareExtensionUI.framework in Frameworks */ = {isa = PBXBuildFile; fileRef = 51AB93F0205965FC00E28E52 /* TwitterShareExtensionUI.framework */; };
		6811509E1C62348A00F7B444 /* BaseDao.swift in Sources */ = {isa = PBXBuildFile; fileRef = 6811509D1C62348A00F7B444 /* BaseDao.swift */; };
		681150A01C62349800F7B444 /* TumeKyouenDao.swift in Sources */ = {isa = PBXBuildFile; fileRef = 6811509F1C62349800F7B444 /* TumeKyouenDao.swift */; };
		681150A21C6234A300F7B444 /* SettingDao.swift in Sources */ = {isa = PBXBuildFile; fileRef = 681150A11C6234A300F7B444 /* SettingDao.swift */; };
		681150A41C6234B000F7B444 /* TwitterTokenDao.swift in Sources */ = {isa = PBXBuildFile; fileRef = 681150A31C6234B000F7B444 /* TwitterTokenDao.swift */; };
		681AAAED1DD0C284009F5349 /* Analytics.swift in Sources */ = {isa = PBXBuildFile; fileRef = 681AAAEC1DD0C284009F5349 /* Analytics.swift */; };
		681B22271DCAD6BD005FBD8C /* KyouenStoryboard.storyboard in Resources */ = {isa = PBXBuildFile; fileRef = 681B22291DCAD6BD005FBD8C /* KyouenStoryboard.storyboard */; };
		681B222F1DCAD8B4005FBD8C /* BorderButton.swift in Sources */ = {isa = PBXBuildFile; fileRef = 681B222E1DCAD8B4005FBD8C /* BorderButton.swift */; };
		681B22311DCB1F3B005FBD8C /* GoogleService-Info.plist in Resources */ = {isa = PBXBuildFile; fileRef = 681B22301DCB1F3B005FBD8C /* GoogleService-Info.plist */; };
		68252F8A1C68A13A008E6E85 /* AdMobUtil.swift in Sources */ = {isa = PBXBuildFile; fileRef = 68252F891C68A13A008E6E85 /* AdMobUtil.swift */; };
		68252F8E1C68A151008E6E85 /* SignedRequest.swift in Sources */ = {isa = PBXBuildFile; fileRef = 68252F8D1C68A151008E6E85 /* SignedRequest.swift */; };
		68252F901C6A0225008E6E85 /* KyouenViewController.swift in Sources */ = {isa = PBXBuildFile; fileRef = 68252F8F1C6A0225008E6E85 /* KyouenViewController.swift */; };
		68252F921C6A022E008E6E85 /* TitleViewController.swift in Sources */ = {isa = PBXBuildFile; fileRef = 68252F911C6A022E008E6E85 /* TitleViewController.swift */; };
		6831FDC716E1BF0A00291810 /* initial_stage.csv in Resources */ = {isa = PBXBuildFile; fileRef = 6831FDC616E1BF0A00291810 /* initial_stage.csv */; };
		68390B5D179305E000954896 /* Social.framework in Frameworks */ = {isa = PBXBuildFile; fileRef = 68390B5B179301E700954896 /* Social.framework */; };
		68390B5F17A3B0A500954896 /* Accounts.framework in Frameworks */ = {isa = PBXBuildFile; fileRef = 68390B5E17A3B0A500954896 /* Accounts.framework */; };
		685915F01C6706DB001FF3AA /* KyouenImageView.swift in Sources */ = {isa = PBXBuildFile; fileRef = 685915EF1C6706DB001FF3AA /* KyouenImageView.swift */; };
		685915F21C6706EA001FF3AA /* StoneButton.swift in Sources */ = {isa = PBXBuildFile; fileRef = 685915F11C6706EA001FF3AA /* StoneButton.swift */; };
		685915F41C6706FE001FF3AA /* OverlayKyouenView.swift in Sources */ = {isa = PBXBuildFile; fileRef = 685915F31C6706FE001FF3AA /* OverlayKyouenView.swift */; };
		686D0E741C54A1AF00A67A0E /* TumeKyouenServer.swift in Sources */ = {isa = PBXBuildFile; fileRef = 686D0E731C54A1AF00A67A0E /* TumeKyouenServer.swift */; };
		686D0E761C5BB1F200A67A0E /* Line.swift in Sources */ = {isa = PBXBuildFile; fileRef = 686D0E751C5BB1F200A67A0E /* Line.swift */; };
		686D0E781C5BB1FE00A67A0E /* Point.swift in Sources */ = {isa = PBXBuildFile; fileRef = 686D0E771C5BB1FE00A67A0E /* Point.swift */; };
		686D0E7A1C5BBED700A67A0E /* GameModel.swift in Sources */ = {isa = PBXBuildFile; fileRef = 686D0E791C5BBED700A67A0E /* GameModel.swift */; };
		686D0E7C1C5BBEE300A67A0E /* KyouenData.swift in Sources */ = {isa = PBXBuildFile; fileRef = 686D0E7B1C5BBEE300A67A0E /* KyouenData.swift */; };
		686D0E7E1C5F962D00A67A0E /* TumeKyouenModel.swift in Sources */ = {isa = PBXBuildFile; fileRef = 686D0E7D1C5F962D00A67A0E /* TumeKyouenModel.swift */; };
		686D5B481C6EF8A00059A480 /* UIAlertController+Additions.swift in Sources */ = {isa = PBXBuildFile; fileRef = 686D5B471C6EF8A00059A480 /* UIAlertController+Additions.swift */; };
		6878F9B718799A8800BBF8A9 /* Images.xcassets in Resources */ = {isa = PBXBuildFile; fileRef = 6878F9B618799A8700BBF8A9 /* Images.xcassets */; };
		688C014F18E9C08F00EECC9A /* InfoPlist.strings in Resources */ = {isa = PBXBuildFile; fileRef = 688C015118E9C08F00EECC9A /* InfoPlist.strings */; };
		689825AD16D9320C00D89D0B /* UIKit.framework in Frameworks */ = {isa = PBXBuildFile; fileRef = 689825AC16D9320C00D89D0B /* UIKit.framework */; };
		689825AF16D9320C00D89D0B /* Foundation.framework in Frameworks */ = {isa = PBXBuildFile; fileRef = 689825AE16D9320C00D89D0B /* Foundation.framework */; };
		689825B116D9320C00D89D0B /* CoreGraphics.framework in Frameworks */ = {isa = PBXBuildFile; fileRef = 689825B016D9320C00D89D0B /* CoreGraphics.framework */; };
		689825B716D9320C00D89D0B /* Localizable.strings in Resources */ = {isa = PBXBuildFile; fileRef = 689825B516D9320C00D89D0B /* Localizable.strings */; };
		689825C616D9320C00D89D0B /* MainStoryboard.storyboard in Resources */ = {isa = PBXBuildFile; fileRef = 689825C416D9320C00D89D0B /* MainStoryboard.storyboard */; };
		6898262316D934DA00D89D0B /* QuartzCore.framework in Frameworks */ = {isa = PBXBuildFile; fileRef = 6898262216D934DA00D89D0B /* QuartzCore.framework */; };
		6898262516D934E300D89D0B /* AudioToolbox.framework in Frameworks */ = {isa = PBXBuildFile; fileRef = 6898262416D934E300D89D0B /* AudioToolbox.framework */; };
		6898262716D934EC00D89D0B /* MessageUI.framework in Frameworks */ = {isa = PBXBuildFile; fileRef = 6898262616D934EC00D89D0B /* MessageUI.framework */; };
		6898262916D934F400D89D0B /* SystemConfiguration.framework in Frameworks */ = {isa = PBXBuildFile; fileRef = 6898262816D934F400D89D0B /* SystemConfiguration.framework */; };
		6898262B16D934FA00D89D0B /* AdSupport.framework in Frameworks */ = {isa = PBXBuildFile; fileRef = 6898262A16D934FA00D89D0B /* AdSupport.framework */; };
		6898262D16D9350000D89D0B /* StoreKit.framework in Frameworks */ = {isa = PBXBuildFile; fileRef = 6898262C16D9350000D89D0B /* StoreKit.framework */; };
		6898268A16DA2A5B00D89D0B /* TumeKyouen.xcdatamodeld in Sources */ = {isa = PBXBuildFile; fileRef = 6898268816DA2A5B00D89D0B /* TumeKyouen.xcdatamodeld */; };
		6898268F16DA592000D89D0B /* CoreData.framework in Frameworks */ = {isa = PBXBuildFile; fileRef = 6898268E16DA592000D89D0B /* CoreData.framework */; };
		6899B32218704B5A00C0441E /* AVFoundation.framework in Frameworks */ = {isa = PBXBuildFile; fileRef = 6899B32118704B5A00C0441E /* AVFoundation.framework */; };
		68B183AA18E3348400CCF333 /* CoreTelephony.framework in Frameworks */ = {isa = PBXBuildFile; fileRef = 68B183A918E3348400CCF333 /* CoreTelephony.framework */; };
		68B8F98918E86D5500EDC03A /* Settings.bundle in Resources */ = {isa = PBXBuildFile; fileRef = 68B8F98818E86D5500EDC03A /* Settings.bundle */; };
		68BD36171791973C00B45FDE /* CFNetwork.framework in Frameworks */ = {isa = PBXBuildFile; fileRef = 68BD36161791973C00B45FDE /* CFNetwork.framework */; };
		68BD36191791974C00B45FDE /* Security.framework in Frameworks */ = {isa = PBXBuildFile; fileRef = 68BD36181791974C00B45FDE /* Security.framework */; };
		68BD361B1791988500B45FDE /* MobileCoreServices.framework in Frameworks */ = {isa = PBXBuildFile; fileRef = 68BD361A1791988500B45FDE /* MobileCoreServices.framework */; };
		68FB69371C6CAE8C003883FE /* AppDelegate.swift in Sources */ = {isa = PBXBuildFile; fileRef = 68FB69361C6CAE8C003883FE /* AppDelegate.swift */; };
		6D8DCC8E84C0A78CF105761A /* Pods_TumeKyouen.framework in Frameworks */ = {isa = PBXBuildFile; fileRef = 09AA5DE74D2B40100B73174B /* Pods_TumeKyouen.framework */; };
/* End PBXBuildFile section */

/* Begin PBXContainerItemProxy section */
		51581CA02053C0E9008C3613 /* PBXContainerItemProxy */ = {
			isa = PBXContainerItemProxy;
			containerPortal = 689825A116D9320C00D89D0B /* Project object */;
			proxyType = 1;
			remoteGlobalIDString = 689825A816D9320C00D89D0B;
			remoteInfo = TumeKyouen;
		};
/* End PBXContainerItemProxy section */

/* Begin PBXFileReference section */
		09AA5DE74D2B40100B73174B /* Pods_TumeKyouen.framework */ = {isa = PBXFileReference; explicitFileType = wrapper.framework; includeInIndex = 0; path = Pods_TumeKyouen.framework; sourceTree = BUILT_PRODUCTS_DIR; };
		35EFF1C031FE3D0B0736DC45 /* Pods-TumeKyouen.adhoc.xcconfig */ = {isa = PBXFileReference; includeInIndex = 1; lastKnownFileType = text.xcconfig; name = "Pods-TumeKyouen.adhoc.xcconfig"; path = "Pods/Target Support Files/Pods-TumeKyouen/Pods-TumeKyouen.adhoc.xcconfig"; sourceTree = "<group>"; };
		511B938B205A9F7900BEC907 /* LaunchScreen.storyboard */ = {isa = PBXFileReference; fileEncoding = 4; lastKnownFileType = file.storyboard; path = LaunchScreen.storyboard; sourceTree = "<group>"; };
		5140AE082125D10C0085A8F7 /* ToastSwiftFramework.framework */ = {isa = PBXFileReference; lastKnownFileType = wrapper.framework; name = ToastSwiftFramework.framework; path = Carthage/Build/iOS/ToastSwiftFramework.framework; sourceTree = "<group>"; };
		51581C9B2053C0E9008C3613 /* TumeKyouenTests.xctest */ = {isa = PBXFileReference; explicitFileType = wrapper.cfbundle; includeInIndex = 0; path = TumeKyouenTests.xctest; sourceTree = BUILT_PRODUCTS_DIR; };
		51581C9D2053C0E9008C3613 /* TumeKyouenTests.swift */ = {isa = PBXFileReference; lastKnownFileType = sourcecode.swift; path = TumeKyouenTests.swift; sourceTree = "<group>"; };
		51581C9F2053C0E9008C3613 /* Info.plist */ = {isa = PBXFileReference; lastKnownFileType = text.plist.xml; path = Info.plist; sourceTree = "<group>"; };
		51581CA620594987008C3613 /* Alamofire.framework */ = {isa = PBXFileReference; lastKnownFileType = wrapper.framework; name = Alamofire.framework; path = Carthage/Build/iOS/Alamofire.framework; sourceTree = "<group>"; };
		51581CAA2059611B008C3613 /* SVProgressHUD.framework */ = {isa = PBXFileReference; lastKnownFileType = wrapper.framework; name = SVProgressHUD.framework; path = Carthage/Build/iOS/SVProgressHUD.framework; sourceTree = "<group>"; };
		51AB93F0205965FC00E28E52 /* TwitterShareExtensionUI.framework */ = {isa = PBXFileReference; lastKnownFileType = wrapper.framework; name = TwitterShareExtensionUI.framework; path = Carthage/Build/iOS/TwitterShareExtensionUI.framework; sourceTree = "<group>"; };
		51AB93F1205965FC00E28E52 /* TwitterKit.framework */ = {isa = PBXFileReference; lastKnownFileType = wrapper.framework; name = TwitterKit.framework; path = Carthage/Build/iOS/TwitterKit.framework; sourceTree = "<group>"; };
		51F78E3F1F91D07F000DF8F5 /* TumeKyouen-Bridging-Header.h */ = {isa = PBXFileReference; lastKnownFileType = sourcecode.c.h; path = "TumeKyouen-Bridging-Header.h"; sourceTree = "<group>"; };
		6811509D1C62348A00F7B444 /* BaseDao.swift */ = {isa = PBXFileReference; fileEncoding = 4; lastKnownFileType = sourcecode.swift; path = BaseDao.swift; sourceTree = "<group>"; };
		6811509F1C62349800F7B444 /* TumeKyouenDao.swift */ = {isa = PBXFileReference; fileEncoding = 4; lastKnownFileType = sourcecode.swift; path = TumeKyouenDao.swift; sourceTree = "<group>"; };
		681150A11C6234A300F7B444 /* SettingDao.swift */ = {isa = PBXFileReference; fileEncoding = 4; lastKnownFileType = sourcecode.swift; path = SettingDao.swift; sourceTree = "<group>"; };
		681150A31C6234B000F7B444 /* TwitterTokenDao.swift */ = {isa = PBXFileReference; fileEncoding = 4; lastKnownFileType = sourcecode.swift; path = TwitterTokenDao.swift; sourceTree = "<group>"; };
		681AAAEC1DD0C284009F5349 /* Analytics.swift */ = {isa = PBXFileReference; fileEncoding = 4; lastKnownFileType = sourcecode.swift; path = Analytics.swift; sourceTree = "<group>"; };
		681B22281DCAD6BD005FBD8C /* Base */ = {isa = PBXFileReference; lastKnownFileType = file.storyboard; name = Base; path = Base.lproj/KyouenStoryboard.storyboard; sourceTree = "<group>"; };
		681B222B1DCAD6C5005FBD8C /* en */ = {isa = PBXFileReference; lastKnownFileType = text.plist.strings; name = en; path = en.lproj/KyouenStoryboard.strings; sourceTree = "<group>"; };
		681B222D1DCAD6C7005FBD8C /* ja */ = {isa = PBXFileReference; lastKnownFileType = text.plist.strings; name = ja; path = ja.lproj/KyouenStoryboard.strings; sourceTree = "<group>"; };
		681B222E1DCAD8B4005FBD8C /* BorderButton.swift */ = {isa = PBXFileReference; fileEncoding = 4; lastKnownFileType = sourcecode.swift; path = BorderButton.swift; sourceTree = "<group>"; };
		681B22301DCB1F3B005FBD8C /* GoogleService-Info.plist */ = {isa = PBXFileReference; fileEncoding = 4; lastKnownFileType = text.plist.xml; path = "GoogleService-Info.plist"; sourceTree = "<group>"; };
		681B22321DCB24BD005FBD8C /* develop.entitlements */ = {isa = PBXFileReference; lastKnownFileType = text.plist.entitlements; path = develop.entitlements; sourceTree = "<group>"; };
		681B22341DCB2745005FBD8C /* release.entitlements */ = {isa = PBXFileReference; fileEncoding = 4; lastKnownFileType = text.plist.entitlements; path = release.entitlements; sourceTree = "<group>"; };
		68252F891C68A13A008E6E85 /* AdMobUtil.swift */ = {isa = PBXFileReference; fileEncoding = 4; lastKnownFileType = sourcecode.swift; path = AdMobUtil.swift; sourceTree = "<group>"; };
		68252F8D1C68A151008E6E85 /* SignedRequest.swift */ = {isa = PBXFileReference; fileEncoding = 4; lastKnownFileType = sourcecode.swift; path = SignedRequest.swift; sourceTree = "<group>"; };
		68252F8F1C6A0225008E6E85 /* KyouenViewController.swift */ = {isa = PBXFileReference; fileEncoding = 4; lastKnownFileType = sourcecode.swift; path = KyouenViewController.swift; sourceTree = "<group>"; };
		68252F911C6A022E008E6E85 /* TitleViewController.swift */ = {isa = PBXFileReference; fileEncoding = 4; lastKnownFileType = sourcecode.swift; path = TitleViewController.swift; sourceTree = "<group>"; };
		6831FDC616E1BF0A00291810 /* initial_stage.csv */ = {isa = PBXFileReference; fileEncoding = 4; lastKnownFileType = text; path = initial_stage.csv; sourceTree = "<group>"; };
		68390B5B179301E700954896 /* Social.framework */ = {isa = PBXFileReference; lastKnownFileType = wrapper.framework; name = Social.framework; path = System/Library/Frameworks/Social.framework; sourceTree = SDKROOT; };
		68390B5E17A3B0A500954896 /* Accounts.framework */ = {isa = PBXFileReference; lastKnownFileType = wrapper.framework; name = Accounts.framework; path = System/Library/Frameworks/Accounts.framework; sourceTree = SDKROOT; };
		685915EF1C6706DB001FF3AA /* KyouenImageView.swift */ = {isa = PBXFileReference; fileEncoding = 4; lastKnownFileType = sourcecode.swift; path = KyouenImageView.swift; sourceTree = "<group>"; };
		685915F11C6706EA001FF3AA /* StoneButton.swift */ = {isa = PBXFileReference; fileEncoding = 4; lastKnownFileType = sourcecode.swift; path = StoneButton.swift; sourceTree = "<group>"; };
		685915F31C6706FE001FF3AA /* OverlayKyouenView.swift */ = {isa = PBXFileReference; fileEncoding = 4; lastKnownFileType = sourcecode.swift; path = OverlayKyouenView.swift; sourceTree = "<group>"; };
		686D0E731C54A1AF00A67A0E /* TumeKyouenServer.swift */ = {isa = PBXFileReference; fileEncoding = 4; lastKnownFileType = sourcecode.swift; path = TumeKyouenServer.swift; sourceTree = "<group>"; };
		686D0E751C5BB1F200A67A0E /* Line.swift */ = {isa = PBXFileReference; fileEncoding = 4; lastKnownFileType = sourcecode.swift; path = Line.swift; sourceTree = "<group>"; };
		686D0E771C5BB1FE00A67A0E /* Point.swift */ = {isa = PBXFileReference; fileEncoding = 4; lastKnownFileType = sourcecode.swift; path = Point.swift; sourceTree = "<group>"; };
		686D0E791C5BBED700A67A0E /* GameModel.swift */ = {isa = PBXFileReference; fileEncoding = 4; lastKnownFileType = sourcecode.swift; path = GameModel.swift; sourceTree = "<group>"; };
		686D0E7B1C5BBEE300A67A0E /* KyouenData.swift */ = {isa = PBXFileReference; fileEncoding = 4; lastKnownFileType = sourcecode.swift; path = KyouenData.swift; sourceTree = "<group>"; };
		686D0E7D1C5F962D00A67A0E /* TumeKyouenModel.swift */ = {isa = PBXFileReference; fileEncoding = 4; lastKnownFileType = sourcecode.swift; path = TumeKyouenModel.swift; sourceTree = "<group>"; };
		686D5B471C6EF8A00059A480 /* UIAlertController+Additions.swift */ = {isa = PBXFileReference; fileEncoding = 4; lastKnownFileType = sourcecode.swift; path = "UIAlertController+Additions.swift"; sourceTree = "<group>"; };
		6878F9B618799A8700BBF8A9 /* Images.xcassets */ = {isa = PBXFileReference; lastKnownFileType = folder.assetcatalog; path = Images.xcassets; sourceTree = "<group>"; };
		688A435F187059EF00B19834 /* iAd.framework */ = {isa = PBXFileReference; lastKnownFileType = wrapper.framework; name = iAd.framework; path = System/Library/Frameworks/iAd.framework; sourceTree = SDKROOT; };
		688C015018E9C08F00EECC9A /* en */ = {isa = PBXFileReference; lastKnownFileType = text.plist.strings; name = en; path = en.lproj/InfoPlist.strings; sourceTree = "<group>"; };
		688C015218E9C09500EECC9A /* ja */ = {isa = PBXFileReference; lastKnownFileType = text.plist.strings; name = ja; path = ja.lproj/InfoPlist.strings; sourceTree = "<group>"; };
		68924FB6187158670029B234 /* Base */ = {isa = PBXFileReference; lastKnownFileType = file.storyboard; name = Base; path = Base.lproj/MainStoryboard.storyboard; sourceTree = "<group>"; };
		68924FB7187158A70029B234 /* ja */ = {isa = PBXFileReference; lastKnownFileType = text.plist.strings; name = ja; path = ja.lproj/MainStoryboard.strings; sourceTree = "<group>"; };
		68924FB8187158A70029B234 /* ja */ = {isa = PBXFileReference; fileEncoding = 10; lastKnownFileType = text.plist.strings; name = ja; path = ja.lproj/Localizable.strings; sourceTree = "<group>"; };
		689825A916D9320C00D89D0B /* TumeKyouen.app */ = {isa = PBXFileReference; explicitFileType = wrapper.application; includeInIndex = 0; path = TumeKyouen.app; sourceTree = BUILT_PRODUCTS_DIR; };
		689825AC16D9320C00D89D0B /* UIKit.framework */ = {isa = PBXFileReference; lastKnownFileType = wrapper.framework; name = UIKit.framework; path = System/Library/Frameworks/UIKit.framework; sourceTree = SDKROOT; };
		689825AE16D9320C00D89D0B /* Foundation.framework */ = {isa = PBXFileReference; lastKnownFileType = wrapper.framework; name = Foundation.framework; path = System/Library/Frameworks/Foundation.framework; sourceTree = SDKROOT; };
		689825B016D9320C00D89D0B /* CoreGraphics.framework */ = {isa = PBXFileReference; lastKnownFileType = wrapper.framework; name = CoreGraphics.framework; path = System/Library/Frameworks/CoreGraphics.framework; sourceTree = SDKROOT; };
		689825B416D9320C00D89D0B /* TumeKyouen-Info.plist */ = {isa = PBXFileReference; lastKnownFileType = text.plist.xml; path = "TumeKyouen-Info.plist"; sourceTree = "<group>"; };
		689825B616D9320C00D89D0B /* en */ = {isa = PBXFileReference; fileEncoding = 10; lastKnownFileType = text.plist.strings; name = en; path = en.lproj/Localizable.strings; sourceTree = "<group>"; };
		6898262216D934DA00D89D0B /* QuartzCore.framework */ = {isa = PBXFileReference; lastKnownFileType = wrapper.framework; name = QuartzCore.framework; path = System/Library/Frameworks/QuartzCore.framework; sourceTree = SDKROOT; };
		6898262416D934E300D89D0B /* AudioToolbox.framework */ = {isa = PBXFileReference; lastKnownFileType = wrapper.framework; name = AudioToolbox.framework; path = System/Library/Frameworks/AudioToolbox.framework; sourceTree = SDKROOT; };
		6898262616D934EC00D89D0B /* MessageUI.framework */ = {isa = PBXFileReference; lastKnownFileType = wrapper.framework; name = MessageUI.framework; path = System/Library/Frameworks/MessageUI.framework; sourceTree = SDKROOT; };
		6898262816D934F400D89D0B /* SystemConfiguration.framework */ = {isa = PBXFileReference; lastKnownFileType = wrapper.framework; name = SystemConfiguration.framework; path = System/Library/Frameworks/SystemConfiguration.framework; sourceTree = SDKROOT; };
		6898262A16D934FA00D89D0B /* AdSupport.framework */ = {isa = PBXFileReference; lastKnownFileType = wrapper.framework; name = AdSupport.framework; path = System/Library/Frameworks/AdSupport.framework; sourceTree = SDKROOT; };
		6898262C16D9350000D89D0B /* StoreKit.framework */ = {isa = PBXFileReference; lastKnownFileType = wrapper.framework; name = StoreKit.framework; path = System/Library/Frameworks/StoreKit.framework; sourceTree = SDKROOT; };
		6898268916DA2A5B00D89D0B /* TumeKyouen.xcdatamodel */ = {isa = PBXFileReference; lastKnownFileType = wrapper.xcdatamodel; path = TumeKyouen.xcdatamodel; sourceTree = "<group>"; };
		6898268E16DA592000D89D0B /* CoreData.framework */ = {isa = PBXFileReference; lastKnownFileType = wrapper.framework; name = CoreData.framework; path = System/Library/Frameworks/CoreData.framework; sourceTree = SDKROOT; };
		6899B32118704B5A00C0441E /* AVFoundation.framework */ = {isa = PBXFileReference; lastKnownFileType = wrapper.framework; name = AVFoundation.framework; path = System/Library/Frameworks/AVFoundation.framework; sourceTree = SDKROOT; };
		68B183A918E3348400CCF333 /* CoreTelephony.framework */ = {isa = PBXFileReference; lastKnownFileType = wrapper.framework; name = CoreTelephony.framework; path = System/Library/Frameworks/CoreTelephony.framework; sourceTree = SDKROOT; };
		68B8F98818E86D5500EDC03A /* Settings.bundle */ = {isa = PBXFileReference; lastKnownFileType = "wrapper.plug-in"; path = Settings.bundle; sourceTree = "<group>"; };
		68BD36161791973C00B45FDE /* CFNetwork.framework */ = {isa = PBXFileReference; lastKnownFileType = wrapper.framework; name = CFNetwork.framework; path = System/Library/Frameworks/CFNetwork.framework; sourceTree = SDKROOT; };
		68BD36181791974C00B45FDE /* Security.framework */ = {isa = PBXFileReference; lastKnownFileType = wrapper.framework; name = Security.framework; path = System/Library/Frameworks/Security.framework; sourceTree = SDKROOT; };
		68BD361A1791988500B45FDE /* MobileCoreServices.framework */ = {isa = PBXFileReference; lastKnownFileType = wrapper.framework; name = MobileCoreServices.framework; path = System/Library/Frameworks/MobileCoreServices.framework; sourceTree = SDKROOT; };
		68EC8BDC1871EB49002D79B6 /* en */ = {isa = PBXFileReference; lastKnownFileType = text.plist.strings; name = en; path = en.lproj/MainStoryboard.strings; sourceTree = "<group>"; };
		68FB69361C6CAE8C003883FE /* AppDelegate.swift */ = {isa = PBXFileReference; fileEncoding = 4; lastKnownFileType = sourcecode.swift; path = AppDelegate.swift; sourceTree = "<group>"; };
		A8B0900B57C801847BA5C20B /* Pods-TumeKyouen.release.xcconfig */ = {isa = PBXFileReference; includeInIndex = 1; lastKnownFileType = text.xcconfig; name = "Pods-TumeKyouen.release.xcconfig"; path = "Pods/Target Support Files/Pods-TumeKyouen/Pods-TumeKyouen.release.xcconfig"; sourceTree = "<group>"; };
		FBE31D24C82079A62304DA91 /* Pods-TumeKyouen.debug.xcconfig */ = {isa = PBXFileReference; includeInIndex = 1; lastKnownFileType = text.xcconfig; name = "Pods-TumeKyouen.debug.xcconfig"; path = "Pods/Target Support Files/Pods-TumeKyouen/Pods-TumeKyouen.debug.xcconfig"; sourceTree = "<group>"; };
/* End PBXFileReference section */

/* Begin PBXFrameworksBuildPhase section */
		51581C982053C0E9008C3613 /* Frameworks */ = {
			isa = PBXFrameworksBuildPhase;
			buildActionMask = 2147483647;
			files = (
			);
			runOnlyForDeploymentPostprocessing = 0;
		};
		689825A616D9320C00D89D0B /* Frameworks */ = {
			isa = PBXFrameworksBuildPhase;
			buildActionMask = 2147483647;
			files = (
				51AB93F42059683100E28E52 /* TwitterShareExtensionUI.framework in Frameworks */,
				51AB93F3205965FC00E28E52 /* TwitterKit.framework in Frameworks */,
				51581CAB2059611B008C3613 /* SVProgressHUD.framework in Frameworks */,
				51581CA720594987008C3613 /* Alamofire.framework in Frameworks */,
				68B183AA18E3348400CCF333 /* CoreTelephony.framework in Frameworks */,
				6898262D16D9350000D89D0B /* StoreKit.framework in Frameworks */,
				6898262B16D934FA00D89D0B /* AdSupport.framework in Frameworks */,
				6899B32218704B5A00C0441E /* AVFoundation.framework in Frameworks */,
				68390B5F17A3B0A500954896 /* Accounts.framework in Frameworks */,
				68390B5D179305E000954896 /* Social.framework in Frameworks */,
				68BD361B1791988500B45FDE /* MobileCoreServices.framework in Frameworks */,
				68BD36191791974C00B45FDE /* Security.framework in Frameworks */,
				68BD36171791973C00B45FDE /* CFNetwork.framework in Frameworks */,
				6898268F16DA592000D89D0B /* CoreData.framework in Frameworks */,
				6898262916D934F400D89D0B /* SystemConfiguration.framework in Frameworks */,
				6898262716D934EC00D89D0B /* MessageUI.framework in Frameworks */,
				6898262516D934E300D89D0B /* AudioToolbox.framework in Frameworks */,
				6898262316D934DA00D89D0B /* QuartzCore.framework in Frameworks */,
				689825AD16D9320C00D89D0B /* UIKit.framework in Frameworks */,
				689825AF16D9320C00D89D0B /* Foundation.framework in Frameworks */,
				689825B116D9320C00D89D0B /* CoreGraphics.framework in Frameworks */,
				6D8DCC8E84C0A78CF105761A /* Pods_TumeKyouen.framework in Frameworks */,
			);
			runOnlyForDeploymentPostprocessing = 0;
		};
/* End PBXFrameworksBuildPhase section */

/* Begin PBXGroup section */
		1F66310A0771A48475440513 /* Pods */ = {
			isa = PBXGroup;
			children = (
				FBE31D24C82079A62304DA91 /* Pods-TumeKyouen.debug.xcconfig */,
				A8B0900B57C801847BA5C20B /* Pods-TumeKyouen.release.xcconfig */,
				35EFF1C031FE3D0B0736DC45 /* Pods-TumeKyouen.adhoc.xcconfig */,
			);
			name = Pods;
			sourceTree = "<group>";
		};
		512E84A021358C4000E4427A /* Title */ = {
			isa = PBXGroup;
			children = (
				68252F911C6A022E008E6E85 /* TitleViewController.swift */,
				689825C416D9320C00D89D0B /* MainStoryboard.storyboard */,
			);
			path = Title;
			sourceTree = "<group>";
		};
		512E84A121358D2A00E4427A /* Kyouen */ = {
			isa = PBXGroup;
			children = (
				512E84A3213592EB00E4427A /* Views */,
				68252F8F1C6A0225008E6E85 /* KyouenViewController.swift */,
				681B22291DCAD6BD005FBD8C /* KyouenStoryboard.storyboard */,
			);
			path = Kyouen;
			sourceTree = "<group>";
		};
		512E84A221358F2800E4427A /* LaunchScreen */ = {
			isa = PBXGroup;
			children = (
				511B938B205A9F7900BEC907 /* LaunchScreen.storyboard */,
			);
			path = LaunchScreen;
			sourceTree = "<group>";
		};
		512E84A3213592EB00E4427A /* Views */ = {
			isa = PBXGroup;
			children = (
				685915EF1C6706DB001FF3AA /* KyouenImageView.swift */,
				685915F11C6706EA001FF3AA /* StoneButton.swift */,
				685915F31C6706FE001FF3AA /* OverlayKyouenView.swift */,
				681B222E1DCAD8B4005FBD8C /* BorderButton.swift */,
			);
			path = Views;
			sourceTree = "<group>";
		};
		51581C9C2053C0E9008C3613 /* TumeKyouenTests */ = {
			isa = PBXGroup;
			children = (
				51581C9D2053C0E9008C3613 /* TumeKyouenTests.swift */,
				51581C9F2053C0E9008C3613 /* Info.plist */,
			);
			path = TumeKyouenTests;
			sourceTree = "<group>";
		};
		681B22331DCB2693005FBD8C /* Entitlements */ = {
			isa = PBXGroup;
			children = (
				681B22341DCB2745005FBD8C /* release.entitlements */,
				681B22321DCB24BD005FBD8C /* develop.entitlements */,
			);
			path = Entitlements;
			sourceTree = "<group>";
		};
		6831FDC816E32E3800291810 /* Database */ = {
			isa = PBXGroup;
			children = (
				6811509D1C62348A00F7B444 /* BaseDao.swift */,
				6811509F1C62349800F7B444 /* TumeKyouenDao.swift */,
				686D0E7D1C5F962D00A67A0E /* TumeKyouenModel.swift */,
				681150A11C6234A300F7B444 /* SettingDao.swift */,
				681150A31C6234B000F7B444 /* TwitterTokenDao.swift */,
			);
			path = Database;
			sourceTree = "<group>";
		};
		686D5B461C6EF8700059A480 /* Extensions */ = {
			isa = PBXGroup;
			children = (
				686D5B471C6EF8A00059A480 /* UIAlertController+Additions.swift */,
			);
			name = Extensions;
			sourceTree = "<group>";
		};
		6890DEAF16F614E8001E6A09 /* Network */ = {
			isa = PBXGroup;
			children = (
				686D0E731C54A1AF00A67A0E /* TumeKyouenServer.swift */,
			);
			path = Network;
			sourceTree = "<group>";
		};
		689825A016D9320C00D89D0B = {
			isa = PBXGroup;
			children = (
				689825B216D9320C00D89D0B /* TumeKyouen */,
				51581C9C2053C0E9008C3613 /* TumeKyouenTests */,
				689825AB16D9320C00D89D0B /* Frameworks */,
				689825AA16D9320C00D89D0B /* Products */,
				1F66310A0771A48475440513 /* Pods */,
			);
			sourceTree = "<group>";
		};
		689825AA16D9320C00D89D0B /* Products */ = {
			isa = PBXGroup;
			children = (
				689825A916D9320C00D89D0B /* TumeKyouen.app */,
				51581C9B2053C0E9008C3613 /* TumeKyouenTests.xctest */,
			);
			name = Products;
			sourceTree = "<group>";
		};
		689825AB16D9320C00D89D0B /* Frameworks */ = {
			isa = PBXGroup;
			children = (
				5140AE082125D10C0085A8F7 /* ToastSwiftFramework.framework */,
				51AB93F1205965FC00E28E52 /* TwitterKit.framework */,
				51AB93F0205965FC00E28E52 /* TwitterShareExtensionUI.framework */,
				51581CAA2059611B008C3613 /* SVProgressHUD.framework */,
				51581CA620594987008C3613 /* Alamofire.framework */,
				68B183A918E3348400CCF333 /* CoreTelephony.framework */,
				688A435F187059EF00B19834 /* iAd.framework */,
				6899B32118704B5A00C0441E /* AVFoundation.framework */,
				68390B5E17A3B0A500954896 /* Accounts.framework */,
				68390B5B179301E700954896 /* Social.framework */,
				68BD361A1791988500B45FDE /* MobileCoreServices.framework */,
				68BD36181791974C00B45FDE /* Security.framework */,
				68BD36161791973C00B45FDE /* CFNetwork.framework */,
				6898268E16DA592000D89D0B /* CoreData.framework */,
				6898262C16D9350000D89D0B /* StoreKit.framework */,
				6898262A16D934FA00D89D0B /* AdSupport.framework */,
				6898262816D934F400D89D0B /* SystemConfiguration.framework */,
				6898262616D934EC00D89D0B /* MessageUI.framework */,
				6898262416D934E300D89D0B /* AudioToolbox.framework */,
				6898262216D934DA00D89D0B /* QuartzCore.framework */,
				689825AC16D9320C00D89D0B /* UIKit.framework */,
				689825AE16D9320C00D89D0B /* Foundation.framework */,
				689825B016D9320C00D89D0B /* CoreGraphics.framework */,
				09AA5DE74D2B40100B73174B /* Pods_TumeKyouen.framework */,
			);
			name = Frameworks;
			sourceTree = "<group>";
		};
		689825B216D9320C00D89D0B /* TumeKyouen */ = {
			isa = PBXGroup;
			children = (
				6898269016DA5E1900D89D0B /* Application */,
				6831FDC816E32E3800291810 /* Database */,
				689825FE16D933AC00D89D0B /* Views */,
				68AFAE3D16EA32F00076DE31 /* Model */,
				6890DEAF16F614E8001E6A09 /* Network */,
				689825FB16D933AC00D89D0B /* Util */,
				686D5B461C6EF8700059A480 /* Extensions */,
				689825F516D933AC00D89D0B /* Resources */,
				6878F9B618799A8700BBF8A9 /* Images.xcassets */,
				689825B316D9320C00D89D0B /* Supporting Files */,
			);
			path = TumeKyouen;
			sourceTree = "<group>";
		};
		689825B316D9320C00D89D0B /* Supporting Files */ = {
			isa = PBXGroup;
			children = (
				51F78E3F1F91D07F000DF8F5 /* TumeKyouen-Bridging-Header.h */,
				689825B416D9320C00D89D0B /* TumeKyouen-Info.plist */,
				689825B516D9320C00D89D0B /* Localizable.strings */,
				688C015118E9C08F00EECC9A /* InfoPlist.strings */,
			);
			name = "Supporting Files";
			sourceTree = "<group>";
		};
		689825F516D933AC00D89D0B /* Resources */ = {
			isa = PBXGroup;
			children = (
				681B22331DCB2693005FBD8C /* Entitlements */,
				681B22301DCB1F3B005FBD8C /* GoogleService-Info.plist */,
				68B8F98818E86D5500EDC03A /* Settings.bundle */,
				6831FDC616E1BF0A00291810 /* initial_stage.csv */,
				6898268816DA2A5B00D89D0B /* TumeKyouen.xcdatamodeld */,
			);
			path = Resources;
			sourceTree = "<group>";
		};
		689825FB16D933AC00D89D0B /* Util */ = {
			isa = PBXGroup;
			children = (
				68252F891C68A13A008E6E85 /* AdMobUtil.swift */,
				68252F8D1C68A151008E6E85 /* SignedRequest.swift */,
				681AAAEC1DD0C284009F5349 /* Analytics.swift */,
			);
			path = Util;
			sourceTree = "<group>";
		};
		689825FE16D933AC00D89D0B /* Views */ = {
			isa = PBXGroup;
			children = (
				512E84A221358F2800E4427A /* LaunchScreen */,
				512E84A021358C4000E4427A /* Title */,
				512E84A121358D2A00E4427A /* Kyouen */,
			);
			path = Views;
			sourceTree = "<group>";
		};
		6898269016DA5E1900D89D0B /* Application */ = {
			isa = PBXGroup;
			children = (
				68FB69361C6CAE8C003883FE /* AppDelegate.swift */,
			);
			path = Application;
			sourceTree = "<group>";
		};
		68AFAE3D16EA32F00076DE31 /* Model */ = {
			isa = PBXGroup;
			children = (
				686D0E751C5BB1F200A67A0E /* Line.swift */,
				686D0E771C5BB1FE00A67A0E /* Point.swift */,
				686D0E791C5BBED700A67A0E /* GameModel.swift */,
				686D0E7B1C5BBEE300A67A0E /* KyouenData.swift */,
			);
			path = Model;
			sourceTree = "<group>";
		};
/* End PBXGroup section */

/* Begin PBXNativeTarget section */
		51581C9A2053C0E9008C3613 /* TumeKyouenTests */ = {
			isa = PBXNativeTarget;
			buildConfigurationList = 51581CA22053C0E9008C3613 /* Build configuration list for PBXNativeTarget "TumeKyouenTests" */;
			buildPhases = (
				51581C972053C0E9008C3613 /* Sources */,
				51581C982053C0E9008C3613 /* Frameworks */,
				51581C992053C0E9008C3613 /* Resources */,
			);
			buildRules = (
			);
			dependencies = (
				51581CA12053C0E9008C3613 /* PBXTargetDependency */,
			);
			name = TumeKyouenTests;
			productName = TumeKyouenTests;
			productReference = 51581C9B2053C0E9008C3613 /* TumeKyouenTests.xctest */;
			productType = "com.apple.product-type.bundle.unit-test";
		};
		689825A816D9320C00D89D0B /* TumeKyouen */ = {
			isa = PBXNativeTarget;
			buildConfigurationList = 689825E116D9320C00D89D0B /* Build configuration list for PBXNativeTarget "TumeKyouen" */;
			buildPhases = (
				F90792AAA1C96FD5AB8280B1 /* [CP] Check Pods Manifest.lock */,
				689825A516D9320C00D89D0B /* Sources */,
				689825A616D9320C00D89D0B /* Frameworks */,
				689825A716D9320C00D89D0B /* Resources */,
				51BC12F51C194F4F00346BC9 /* Run SwiftLint */,
				51727B4A2009D3CC000531FF /* Run Fabric */,
				51581CA820594B38008C3613 /* Carthage copy-frameworks */,
				5B1449772EE6BED40265A120 /* [CP] Embed Pods Frameworks */,
			);
			buildRules = (
			);
			dependencies = (
			);
			name = TumeKyouen;
			productName = TumeKyouen;
			productReference = 689825A916D9320C00D89D0B /* TumeKyouen.app */;
			productType = "com.apple.product-type.application";
		};
/* End PBXNativeTarget section */

/* Begin PBXProject section */
		689825A116D9320C00D89D0B /* Project object */ = {
			isa = PBXProject;
			attributes = {
				CLASSPREFIX = TK;
				LastSwiftUpdateCheck = 0920;
				LastTestingUpgradeCheck = 0510;
				LastUpgradeCheck = 0940;
				ORGANIZATIONNAME = noboru;
				TargetAttributes = {
					51581C9A2053C0E9008C3613 = {
						CreatedOnToolsVersion = 9.2;
						ProvisioningStyle = Automatic;
						TestTargetID = 689825A816D9320C00D89D0B;
					};
					689825A816D9320C00D89D0B = {
						LastSwiftMigration = 0900;
						ProvisioningStyle = Manual;
						SystemCapabilities = {
							com.apple.Push = {
								enabled = 1;
							};
							com.apple.SafariKeychain = {
								enabled = 1;
							};
						};
					};
				};
			};
			buildConfigurationList = 689825A416D9320C00D89D0B /* Build configuration list for PBXProject "TumeKyouen" */;
			compatibilityVersion = "Xcode 8.0";
			developmentRegion = English;
			hasScannedForEncodings = 0;
			knownRegions = (
				en,
				Base,
				ja,
			);
			mainGroup = 689825A016D9320C00D89D0B;
			productRefGroup = 689825AA16D9320C00D89D0B /* Products */;
			projectDirPath = "";
			projectRoot = "";
			targets = (
				689825A816D9320C00D89D0B /* TumeKyouen */,
				51581C9A2053C0E9008C3613 /* TumeKyouenTests */,
			);
		};
/* End PBXProject section */

/* Begin PBXResourcesBuildPhase section */
		51581C992053C0E9008C3613 /* Resources */ = {
			isa = PBXResourcesBuildPhase;
			buildActionMask = 2147483647;
			files = (
			);
			runOnlyForDeploymentPostprocessing = 0;
		};
		689825A716D9320C00D89D0B /* Resources */ = {
			isa = PBXResourcesBuildPhase;
			buildActionMask = 2147483647;
			files = (
				511B938C205A9F7900BEC907 /* LaunchScreen.storyboard in Resources */,
				689825B716D9320C00D89D0B /* Localizable.strings in Resources */,
				681B22311DCB1F3B005FBD8C /* GoogleService-Info.plist in Resources */,
				689825C616D9320C00D89D0B /* MainStoryboard.storyboard in Resources */,
				681B22271DCAD6BD005FBD8C /* KyouenStoryboard.storyboard in Resources */,
				68B8F98918E86D5500EDC03A /* Settings.bundle in Resources */,
				688C014F18E9C08F00EECC9A /* InfoPlist.strings in Resources */,
				6878F9B718799A8800BBF8A9 /* Images.xcassets in Resources */,
				6831FDC716E1BF0A00291810 /* initial_stage.csv in Resources */,
			);
			runOnlyForDeploymentPostprocessing = 0;
		};
/* End PBXResourcesBuildPhase section */

/* Begin PBXShellScriptBuildPhase section */
		51581CA820594B38008C3613 /* Carthage copy-frameworks */ = {
			isa = PBXShellScriptBuildPhase;
			buildActionMask = 2147483647;
			files = (
			);
			inputPaths = (
				"$(SRCROOT)/Carthage/Build/iOS/Alamofire.framework",
				"$(SRCROOT)/Carthage/Build/iOS/SVProgressHUD.framework",
				"$(SRCROOT)/Carthage/Build/iOS/TwitterCore.framework",
				"$(SRCROOT)/Carthage/Build/iOS/TwitterKit.framework",
				"$(SRCROOT)/Carthage/Build/iOS/TwitterShareExtensionUI.framework",
			);
			name = "Carthage copy-frameworks";
			outputPaths = (
				"$(BUILT_PRODUCTS_DIR)/$(FRAMEWORKS_FOLDER_PATH)/Alamofire.framework",
				"$(BUILT_PRODUCTS_DIR)/$(FRAMEWORKS_FOLDER_PATH)/SVProgressHUD.framework",
				"$(BUILT_PRODUCTS_DIR)/$(FRAMEWORKS_FOLDER_PATH)/TwitterCore.framework",
				"$(BUILT_PRODUCTS_DIR)/$(FRAMEWORKS_FOLDER_PATH)/TwitterKit.framework",
				"$(BUILT_PRODUCTS_DIR)/$(FRAMEWORKS_FOLDER_PATH)/TwitterShareExtensionUI.framework",
			);
			runOnlyForDeploymentPostprocessing = 0;
			shellPath = /bin/sh;
			shellScript = "/usr/local/bin/carthage copy-frameworks";
		};
		51727B4A2009D3CC000531FF /* Run Fabric */ = {
			isa = PBXShellScriptBuildPhase;
			buildActionMask = 2147483647;
			files = (
			);
			inputPaths = (
			);
			name = "Run Fabric";
			outputPaths = (
			);
			runOnlyForDeploymentPostprocessing = 0;
			shellPath = /bin/sh;
			shellScript = "\"${PODS_ROOT}/Fabric/run\"";
		};
		51BC12F51C194F4F00346BC9 /* Run SwiftLint */ = {
			isa = PBXShellScriptBuildPhase;
			buildActionMask = 2147483647;
			files = (
			);
			inputPaths = (
			);
			name = "Run SwiftLint";
			outputPaths = (
			);
			runOnlyForDeploymentPostprocessing = 0;
			shellPath = /bin/sh;
			shellScript = "if which swiftlint >/dev/null; then\nswiftlint\nelse\necho \"SwiftLint does not exist, download from https://github.com/realm/SwiftLint\"\nfi";
		};
		5B1449772EE6BED40265A120 /* [CP] Embed Pods Frameworks */ = {
			isa = PBXShellScriptBuildPhase;
			buildActionMask = 2147483647;
			files = (
			);
			inputPaths = (
				"${SRCROOT}/Pods/Target Support Files/Pods-TumeKyouen/Pods-TumeKyouen-frameworks.sh",
				"${BUILT_PRODUCTS_DIR}/GTMSessionFetcher/GTMSessionFetcher.framework",
				"${BUILT_PRODUCTS_DIR}/GoogleToolboxForMac/GoogleToolboxForMac.framework",
				"${BUILT_PRODUCTS_DIR}/GoogleUtilities/GoogleUtilities.framework",
				"${BUILT_PRODUCTS_DIR}/NSData+Base64/NSData_Base64.framework",
				"${BUILT_PRODUCTS_DIR}/OAuthCore/OAuthCore.framework",
				"${BUILT_PRODUCTS_DIR}/Protobuf/Protobuf.framework",
				"${BUILT_PRODUCTS_DIR}/nanopb/nanopb.framework",
			);
			name = "[CP] Embed Pods Frameworks";
			outputPaths = (
				"${TARGET_BUILD_DIR}/${FRAMEWORKS_FOLDER_PATH}/GTMSessionFetcher.framework",
				"${TARGET_BUILD_DIR}/${FRAMEWORKS_FOLDER_PATH}/GoogleToolboxForMac.framework",
				"${TARGET_BUILD_DIR}/${FRAMEWORKS_FOLDER_PATH}/GoogleUtilities.framework",
				"${TARGET_BUILD_DIR}/${FRAMEWORKS_FOLDER_PATH}/NSData_Base64.framework",
				"${TARGET_BUILD_DIR}/${FRAMEWORKS_FOLDER_PATH}/OAuthCore.framework",
				"${TARGET_BUILD_DIR}/${FRAMEWORKS_FOLDER_PATH}/Protobuf.framework",
				"${TARGET_BUILD_DIR}/${FRAMEWORKS_FOLDER_PATH}/nanopb.framework",
			);
			runOnlyForDeploymentPostprocessing = 0;
			shellPath = /bin/sh;
			shellScript = "\"${SRCROOT}/Pods/Target Support Files/Pods-TumeKyouen/Pods-TumeKyouen-frameworks.sh\"\n";
			showEnvVarsInLog = 0;
		};
		F90792AAA1C96FD5AB8280B1 /* [CP] Check Pods Manifest.lock */ = {
			isa = PBXShellScriptBuildPhase;
			buildActionMask = 2147483647;
			files = (
			);
			inputPaths = (
				"${PODS_PODFILE_DIR_PATH}/Podfile.lock",
				"${PODS_ROOT}/Manifest.lock",
			);
			name = "[CP] Check Pods Manifest.lock";
			outputPaths = (
				"$(DERIVED_FILE_DIR)/Pods-TumeKyouen-checkManifestLockResult.txt",
			);
			runOnlyForDeploymentPostprocessing = 0;
			shellPath = /bin/sh;
			shellScript = "diff \"${PODS_PODFILE_DIR_PATH}/Podfile.lock\" \"${PODS_ROOT}/Manifest.lock\" > /dev/null\nif [ $? != 0 ] ; then\n    # print error to STDERR\n    echo \"error: The sandbox is not in sync with the Podfile.lock. Run 'pod install' or update your CocoaPods installation.\" >&2\n    exit 1\nfi\n# This output is used by Xcode 'outputs' to avoid re-running this script phase.\necho \"SUCCESS\" > \"${SCRIPT_OUTPUT_FILE_0}\"\n";
			showEnvVarsInLog = 0;
		};
/* End PBXShellScriptBuildPhase section */

/* Begin PBXSourcesBuildPhase section */
		51581C972053C0E9008C3613 /* Sources */ = {
			isa = PBXSourcesBuildPhase;
			buildActionMask = 2147483647;
			files = (
				51581C9E2053C0E9008C3613 /* TumeKyouenTests.swift in Sources */,
			);
			runOnlyForDeploymentPostprocessing = 0;
		};
		689825A516D9320C00D89D0B /* Sources */ = {
			isa = PBXSourcesBuildPhase;
			buildActionMask = 2147483647;
			files = (
				686D0E7E1C5F962D00A67A0E /* TumeKyouenModel.swift in Sources */,
				686D5B481C6EF8A00059A480 /* UIAlertController+Additions.swift in Sources */,
				68252F921C6A022E008E6E85 /* TitleViewController.swift in Sources */,
				68FB69371C6CAE8C003883FE /* AppDelegate.swift in Sources */,
				68252F8E1C68A151008E6E85 /* SignedRequest.swift in Sources */,
				6811509E1C62348A00F7B444 /* BaseDao.swift in Sources */,
				686D0E7A1C5BBED700A67A0E /* GameModel.swift in Sources */,
				6898268A16DA2A5B00D89D0B /* TumeKyouen.xcdatamodeld in Sources */,
				686D0E781C5BB1FE00A67A0E /* Point.swift in Sources */,
				68252F901C6A0225008E6E85 /* KyouenViewController.swift in Sources */,
				681150A41C6234B000F7B444 /* TwitterTokenDao.swift in Sources */,
				681150A21C6234A300F7B444 /* SettingDao.swift in Sources */,
				681AAAED1DD0C284009F5349 /* Analytics.swift in Sources */,
				685915F21C6706EA001FF3AA /* StoneButton.swift in Sources */,
				686D0E7C1C5BBEE300A67A0E /* KyouenData.swift in Sources */,
				681B222F1DCAD8B4005FBD8C /* BorderButton.swift in Sources */,
				685915F41C6706FE001FF3AA /* OverlayKyouenView.swift in Sources */,
				68252F8A1C68A13A008E6E85 /* AdMobUtil.swift in Sources */,
				686D0E761C5BB1F200A67A0E /* Line.swift in Sources */,
				685915F01C6706DB001FF3AA /* KyouenImageView.swift in Sources */,
				681150A01C62349800F7B444 /* TumeKyouenDao.swift in Sources */,
				686D0E741C54A1AF00A67A0E /* TumeKyouenServer.swift in Sources */,
			);
			runOnlyForDeploymentPostprocessing = 0;
		};
/* End PBXSourcesBuildPhase section */

/* Begin PBXTargetDependency section */
		51581CA12053C0E9008C3613 /* PBXTargetDependency */ = {
			isa = PBXTargetDependency;
			target = 689825A816D9320C00D89D0B /* TumeKyouen */;
			targetProxy = 51581CA02053C0E9008C3613 /* PBXContainerItemProxy */;
		};
/* End PBXTargetDependency section */

/* Begin PBXVariantGroup section */
		681B22291DCAD6BD005FBD8C /* KyouenStoryboard.storyboard */ = {
			isa = PBXVariantGroup;
			children = (
				681B22281DCAD6BD005FBD8C /* Base */,
				681B222B1DCAD6C5005FBD8C /* en */,
				681B222D1DCAD6C7005FBD8C /* ja */,
			);
			name = KyouenStoryboard.storyboard;
			sourceTree = "<group>";
		};
		688C015118E9C08F00EECC9A /* InfoPlist.strings */ = {
			isa = PBXVariantGroup;
			children = (
				688C015018E9C08F00EECC9A /* en */,
				688C015218E9C09500EECC9A /* ja */,
			);
			name = InfoPlist.strings;
			sourceTree = "<group>";
		};
		689825B516D9320C00D89D0B /* Localizable.strings */ = {
			isa = PBXVariantGroup;
			children = (
				689825B616D9320C00D89D0B /* en */,
				68924FB8187158A70029B234 /* ja */,
			);
			name = Localizable.strings;
			sourceTree = "<group>";
		};
		689825C416D9320C00D89D0B /* MainStoryboard.storyboard */ = {
			isa = PBXVariantGroup;
			children = (
				68924FB6187158670029B234 /* Base */,
				68924FB7187158A70029B234 /* ja */,
				68EC8BDC1871EB49002D79B6 /* en */,
			);
			name = MainStoryboard.storyboard;
			sourceTree = "<group>";
		};
/* End PBXVariantGroup section */

/* Begin XCBuildConfiguration section */
		51581CA32053C0E9008C3613 /* Debug */ = {
			isa = XCBuildConfiguration;
			buildSettings = {
				BUNDLE_LOADER = "$(TEST_HOST)";
				CLANG_ANALYZER_NONNULL = YES;
				CLANG_ANALYZER_NUMBER_OBJECT_CONVERSION = YES_AGGRESSIVE;
				CLANG_CXX_LANGUAGE_STANDARD = "gnu++14";
				CLANG_WARN_DIRECT_OBJC_ISA_USAGE = YES_ERROR;
				CLANG_WARN_DOCUMENTATION_COMMENTS = YES;
				CLANG_WARN_OBJC_ROOT_CLASS = YES_ERROR;
				CLANG_WARN_UNGUARDED_AVAILABILITY = YES_AGGRESSIVE;
				CODE_SIGN_IDENTITY = "iPhone Developer";
				CODE_SIGN_STYLE = Automatic;
				DEBUG_INFORMATION_FORMAT = dwarf;
				GCC_C_LANGUAGE_STANDARD = gnu11;
				GCC_WARN_ABOUT_RETURN_TYPE = YES_ERROR;
				GCC_WARN_UNINITIALIZED_AUTOS = YES_AGGRESSIVE;
				INFOPLIST_FILE = TumeKyouenTests/Info.plist;
				IPHONEOS_DEPLOYMENT_TARGET = 11.2;
				LD_RUNPATH_SEARCH_PATHS = "$(inherited) @executable_path/Frameworks @loader_path/Frameworks";
				MTL_ENABLE_DEBUG_INFO = YES;
				PRODUCT_BUNDLE_IDENTIFIER = hm.orz.chaos114.TumeKyouenTests;
				PRODUCT_NAME = "$(TARGET_NAME)";
				SWIFT_ACTIVE_COMPILATION_CONDITIONS = DEBUG;
				SWIFT_OPTIMIZATION_LEVEL = "-Onone";
				SWIFT_VERSION = 4.0;
				TARGETED_DEVICE_FAMILY = "1,2";
				TEST_HOST = "$(BUILT_PRODUCTS_DIR)/TumeKyouen.app/TumeKyouen";
			};
			name = Debug;
		};
		51581CA42053C0E9008C3613 /* Release */ = {
			isa = XCBuildConfiguration;
			buildSettings = {
				BUNDLE_LOADER = "$(TEST_HOST)";
				CLANG_ANALYZER_NONNULL = YES;
				CLANG_ANALYZER_NUMBER_OBJECT_CONVERSION = YES_AGGRESSIVE;
				CLANG_CXX_LANGUAGE_STANDARD = "gnu++14";
				CLANG_WARN_DIRECT_OBJC_ISA_USAGE = YES_ERROR;
				CLANG_WARN_DOCUMENTATION_COMMENTS = YES;
				CLANG_WARN_OBJC_ROOT_CLASS = YES_ERROR;
				CLANG_WARN_UNGUARDED_AVAILABILITY = YES_AGGRESSIVE;
				CODE_SIGN_IDENTITY = "iPhone Developer";
				CODE_SIGN_STYLE = Automatic;
				COPY_PHASE_STRIP = NO;
				DEBUG_INFORMATION_FORMAT = "dwarf-with-dsym";
				ENABLE_NS_ASSERTIONS = NO;
				GCC_C_LANGUAGE_STANDARD = gnu11;
				GCC_WARN_ABOUT_RETURN_TYPE = YES_ERROR;
				GCC_WARN_UNINITIALIZED_AUTOS = YES_AGGRESSIVE;
				INFOPLIST_FILE = TumeKyouenTests/Info.plist;
				IPHONEOS_DEPLOYMENT_TARGET = 11.2;
				LD_RUNPATH_SEARCH_PATHS = "$(inherited) @executable_path/Frameworks @loader_path/Frameworks";
				MTL_ENABLE_DEBUG_INFO = NO;
				PRODUCT_BUNDLE_IDENTIFIER = hm.orz.chaos114.TumeKyouenTests;
				PRODUCT_NAME = "$(TARGET_NAME)";
				SWIFT_VERSION = 4.0;
				TARGETED_DEVICE_FAMILY = "1,2";
				TEST_HOST = "$(BUILT_PRODUCTS_DIR)/TumeKyouen.app/TumeKyouen";
			};
			name = Release;
		};
		51581CA52053C0E9008C3613 /* AdHoc */ = {
			isa = XCBuildConfiguration;
			buildSettings = {
				BUNDLE_LOADER = "$(TEST_HOST)";
				CLANG_ANALYZER_NONNULL = YES;
				CLANG_ANALYZER_NUMBER_OBJECT_CONVERSION = YES_AGGRESSIVE;
				CLANG_CXX_LANGUAGE_STANDARD = "gnu++14";
				CLANG_WARN_DIRECT_OBJC_ISA_USAGE = YES_ERROR;
				CLANG_WARN_DOCUMENTATION_COMMENTS = YES;
				CLANG_WARN_OBJC_ROOT_CLASS = YES_ERROR;
				CLANG_WARN_UNGUARDED_AVAILABILITY = YES_AGGRESSIVE;
				CODE_SIGN_IDENTITY = "iPhone Developer";
				CODE_SIGN_STYLE = Automatic;
				COPY_PHASE_STRIP = NO;
				DEBUG_INFORMATION_FORMAT = "dwarf-with-dsym";
				ENABLE_NS_ASSERTIONS = NO;
				GCC_C_LANGUAGE_STANDARD = gnu11;
				GCC_WARN_ABOUT_RETURN_TYPE = YES_ERROR;
				GCC_WARN_UNINITIALIZED_AUTOS = YES_AGGRESSIVE;
				INFOPLIST_FILE = TumeKyouenTests/Info.plist;
				IPHONEOS_DEPLOYMENT_TARGET = 11.2;
				LD_RUNPATH_SEARCH_PATHS = "$(inherited) @executable_path/Frameworks @loader_path/Frameworks";
				MTL_ENABLE_DEBUG_INFO = NO;
				PRODUCT_BUNDLE_IDENTIFIER = hm.orz.chaos114.TumeKyouenTests;
				PRODUCT_NAME = "$(TARGET_NAME)";
				SWIFT_VERSION = 4.0;
				TARGETED_DEVICE_FAMILY = "1,2";
				TEST_HOST = "$(BUILT_PRODUCTS_DIR)/TumeKyouen.app/TumeKyouen";
			};
			name = AdHoc;
		};
		6809D16B1CE5ADAA00BD207D /* AdHoc */ = {
			isa = XCBuildConfiguration;
			buildSettings = {
				ALWAYS_SEARCH_USER_PATHS = NO;
				CLANG_ANALYZER_LOCALIZABILITY_NONLOCALIZED = YES;
				CLANG_CXX_LANGUAGE_STANDARD = "gnu++0x";
				CLANG_CXX_LIBRARY = "libc++";
				CLANG_ENABLE_MODULES = YES;
				CLANG_ENABLE_OBJC_ARC = YES;
				CLANG_WARN_BLOCK_CAPTURE_AUTORELEASING = YES;
				CLANG_WARN_BOOL_CONVERSION = YES;
				CLANG_WARN_COMMA = YES;
				CLANG_WARN_CONSTANT_CONVERSION = YES;
				CLANG_WARN_DEPRECATED_OBJC_IMPLEMENTATIONS = YES;
				CLANG_WARN_EMPTY_BODY = YES;
				CLANG_WARN_ENUM_CONVERSION = YES;
				CLANG_WARN_INFINITE_RECURSION = YES;
				CLANG_WARN_INT_CONVERSION = YES;
				CLANG_WARN_NON_LITERAL_NULL_CONVERSION = YES;
				CLANG_WARN_OBJC_IMPLICIT_RETAIN_SELF = YES;
				CLANG_WARN_OBJC_LITERAL_CONVERSION = YES;
				CLANG_WARN_RANGE_LOOP_ANALYSIS = YES;
				CLANG_WARN_STRICT_PROTOTYPES = YES;
				CLANG_WARN_SUSPICIOUS_MOVE = YES;
				CLANG_WARN_UNREACHABLE_CODE = YES;
				CLANG_WARN__DUPLICATE_METHOD_MATCH = YES;
				CODE_SIGN_IDENTITY = "";
				"CODE_SIGN_IDENTITY[sdk=iphoneos*]" = "";
				COPY_PHASE_STRIP = YES;
				ENABLE_BITCODE = NO;
				ENABLE_STRICT_OBJC_MSGSEND = YES;
				GCC_C_LANGUAGE_STANDARD = gnu99;
				GCC_NO_COMMON_BLOCKS = YES;
				GCC_WARN_64_TO_32_BIT_CONVERSION = YES;
				GCC_WARN_ABOUT_RETURN_TYPE = YES;
				GCC_WARN_UNDECLARED_SELECTOR = YES;
				GCC_WARN_UNINITIALIZED_AUTOS = YES;
				GCC_WARN_UNUSED_FUNCTION = YES;
				GCC_WARN_UNUSED_VARIABLE = YES;
				IPHONEOS_DEPLOYMENT_TARGET = 8.0;
				OTHER_CFLAGS = "-DNS_BLOCK_ASSERTIONS=1";
				PROVISIONING_PROFILE = "";
				SDKROOT = iphoneos;
				VALIDATE_PRODUCT = YES;
				VALID_ARCHS = "arm64 armv7 armv7s";
			};
			name = AdHoc;
		};
		6809D16C1CE5ADAA00BD207D /* AdHoc */ = {
			isa = XCBuildConfiguration;
			baseConfigurationReference = 35EFF1C031FE3D0B0736DC45 /* Pods-TumeKyouen.adhoc.xcconfig */;
			buildSettings = {
				ALWAYS_EMBED_SWIFT_STANDARD_LIBRARIES = "$(inherited)";
				ASSETCATALOG_COMPILER_APPICON_NAME = AppIcon;
				CLANG_ENABLE_MODULES = YES;
				CODE_SIGN_ENTITLEMENTS = TumeKyouen/Resources/Entitlements/release.entitlements;
				CODE_SIGN_IDENTITY = "iPhone Distribution";
				"CODE_SIGN_IDENTITY[sdk=iphoneos*]" = "iPhone Distribution";
				CODE_SIGN_RESOURCE_RULES_PATH = "";
				CODE_SIGN_STYLE = Manual;
				FRAMEWORK_SEARCH_PATHS = (
					"$(inherited)",
					"$(PROJECT_DIR)/Carthage/Build/iOS",
				);
				GCC_PRECOMPILE_PREFIX_HEADER = YES;
				GCC_PREFIX_HEADER = "";
				GCC_TREAT_WARNINGS_AS_ERRORS = YES;
				INFOPLIST_FILE = "TumeKyouen/TumeKyouen-Info.plist";
				IPHONEOS_DEPLOYMENT_TARGET = 9.0;
				LD_RUNPATH_SEARCH_PATHS = "$(inherited) @executable_path/Frameworks";
				LIBRARY_SEARCH_PATHS = "$(inherited)";
				OTHER_LDFLAGS = "$(inherited)";
				PRODUCT_BUNDLE_IDENTIFIER = "hm.orz.chaos114.${PRODUCT_NAME:rfc1034identifier}";
				PRODUCT_NAME = "$(TARGET_NAME)";
				SWIFT_OBJC_BRIDGING_HEADER = "$(SRCROOT)/TumeKyouen/TumeKyouen-Bridging-Header.h";
				SWIFT_SWIFT3_OBJC_INFERENCE = Default;
				SWIFT_VERSION = 4.0;
				TARGETED_DEVICE_FAMILY = "1,2";
				VALID_ARCHS = "armv7 armv7s arm64";
				WRAPPER_EXTENSION = app;
			};
			name = AdHoc;
		};
		689825DF16D9320C00D89D0B /* Debug */ = {
			isa = XCBuildConfiguration;
			buildSettings = {
				ALWAYS_SEARCH_USER_PATHS = NO;
				CLANG_ANALYZER_LOCALIZABILITY_NONLOCALIZED = YES;
				CLANG_CXX_LANGUAGE_STANDARD = "gnu++0x";
				CLANG_CXX_LIBRARY = "libc++";
				CLANG_ENABLE_MODULES = YES;
				CLANG_ENABLE_OBJC_ARC = YES;
				CLANG_WARN_BLOCK_CAPTURE_AUTORELEASING = YES;
				CLANG_WARN_BOOL_CONVERSION = YES;
				CLANG_WARN_COMMA = YES;
				CLANG_WARN_CONSTANT_CONVERSION = YES;
				CLANG_WARN_DEPRECATED_OBJC_IMPLEMENTATIONS = YES;
				CLANG_WARN_EMPTY_BODY = YES;
				CLANG_WARN_ENUM_CONVERSION = YES;
				CLANG_WARN_INFINITE_RECURSION = YES;
				CLANG_WARN_INT_CONVERSION = YES;
				CLANG_WARN_NON_LITERAL_NULL_CONVERSION = YES;
				CLANG_WARN_OBJC_IMPLICIT_RETAIN_SELF = YES;
				CLANG_WARN_OBJC_LITERAL_CONVERSION = YES;
				CLANG_WARN_RANGE_LOOP_ANALYSIS = YES;
				CLANG_WARN_STRICT_PROTOTYPES = YES;
				CLANG_WARN_SUSPICIOUS_MOVE = YES;
				CLANG_WARN_UNREACHABLE_CODE = YES;
				CLANG_WARN__DUPLICATE_METHOD_MATCH = YES;
				CODE_SIGN_IDENTITY = "";
				"CODE_SIGN_IDENTITY[sdk=iphoneos*]" = "";
				COPY_PHASE_STRIP = NO;
				ENABLE_BITCODE = NO;
				ENABLE_STRICT_OBJC_MSGSEND = YES;
				ENABLE_TESTABILITY = YES;
				GCC_C_LANGUAGE_STANDARD = gnu99;
				GCC_DYNAMIC_NO_PIC = NO;
				GCC_NO_COMMON_BLOCKS = YES;
				GCC_OPTIMIZATION_LEVEL = 0;
				GCC_PREPROCESSOR_DEFINITIONS = (
					"DEBUG=1",
					"$(inherited)",
				);
				GCC_SYMBOLS_PRIVATE_EXTERN = NO;
				GCC_WARN_64_TO_32_BIT_CONVERSION = YES;
				GCC_WARN_ABOUT_RETURN_TYPE = YES;
				GCC_WARN_UNDECLARED_SELECTOR = YES;
				GCC_WARN_UNINITIALIZED_AUTOS = YES;
				GCC_WARN_UNUSED_FUNCTION = YES;
				GCC_WARN_UNUSED_VARIABLE = YES;
				IPHONEOS_DEPLOYMENT_TARGET = 8.0;
				ONLY_ACTIVE_ARCH = YES;
				PROVISIONING_PROFILE = "";
				SDKROOT = iphoneos;
				VALID_ARCHS = "arm64 armv7 armv7s";
			};
			name = Debug;
		};
		689825E016D9320C00D89D0B /* Release */ = {
			isa = XCBuildConfiguration;
			buildSettings = {
				ALWAYS_SEARCH_USER_PATHS = NO;
				CLANG_ANALYZER_LOCALIZABILITY_NONLOCALIZED = YES;
				CLANG_CXX_LANGUAGE_STANDARD = "gnu++0x";
				CLANG_CXX_LIBRARY = "libc++";
				CLANG_ENABLE_MODULES = YES;
				CLANG_ENABLE_OBJC_ARC = YES;
				CLANG_WARN_BLOCK_CAPTURE_AUTORELEASING = YES;
				CLANG_WARN_BOOL_CONVERSION = YES;
				CLANG_WARN_COMMA = YES;
				CLANG_WARN_CONSTANT_CONVERSION = YES;
				CLANG_WARN_DEPRECATED_OBJC_IMPLEMENTATIONS = YES;
				CLANG_WARN_EMPTY_BODY = YES;
				CLANG_WARN_ENUM_CONVERSION = YES;
				CLANG_WARN_INFINITE_RECURSION = YES;
				CLANG_WARN_INT_CONVERSION = YES;
				CLANG_WARN_NON_LITERAL_NULL_CONVERSION = YES;
				CLANG_WARN_OBJC_IMPLICIT_RETAIN_SELF = YES;
				CLANG_WARN_OBJC_LITERAL_CONVERSION = YES;
				CLANG_WARN_RANGE_LOOP_ANALYSIS = YES;
				CLANG_WARN_STRICT_PROTOTYPES = YES;
				CLANG_WARN_SUSPICIOUS_MOVE = YES;
				CLANG_WARN_UNREACHABLE_CODE = YES;
				CLANG_WARN__DUPLICATE_METHOD_MATCH = YES;
				CODE_SIGN_IDENTITY = "";
				"CODE_SIGN_IDENTITY[sdk=iphoneos*]" = "";
				COPY_PHASE_STRIP = YES;
				ENABLE_BITCODE = NO;
				ENABLE_STRICT_OBJC_MSGSEND = YES;
				GCC_C_LANGUAGE_STANDARD = gnu99;
				GCC_NO_COMMON_BLOCKS = YES;
				GCC_WARN_64_TO_32_BIT_CONVERSION = YES;
				GCC_WARN_ABOUT_RETURN_TYPE = YES;
				GCC_WARN_UNDECLARED_SELECTOR = YES;
				GCC_WARN_UNINITIALIZED_AUTOS = YES;
				GCC_WARN_UNUSED_FUNCTION = YES;
				GCC_WARN_UNUSED_VARIABLE = YES;
				IPHONEOS_DEPLOYMENT_TARGET = 8.0;
				OTHER_CFLAGS = "-DNS_BLOCK_ASSERTIONS=1";
				PROVISIONING_PROFILE = "";
				SDKROOT = iphoneos;
				SWIFT_OPTIMIZATION_LEVEL = "-Owholemodule";
				VALIDATE_PRODUCT = YES;
				VALID_ARCHS = "arm64 armv7 armv7s";
			};
			name = Release;
		};
		689825E216D9320C00D89D0B /* Debug */ = {
			isa = XCBuildConfiguration;
			baseConfigurationReference = FBE31D24C82079A62304DA91 /* Pods-TumeKyouen.debug.xcconfig */;
			buildSettings = {
				ALWAYS_EMBED_SWIFT_STANDARD_LIBRARIES = "$(inherited)";
				ASSETCATALOG_COMPILER_APPICON_NAME = AppIcon;
				CLANG_ENABLE_MODULES = YES;
				CODE_SIGN_ENTITLEMENTS = TumeKyouen/Resources/Entitlements/develop.entitlements;
				CODE_SIGN_IDENTITY = "iPhone Developer";
				"CODE_SIGN_IDENTITY[sdk=iphoneos*]" = "iPhone Developer";
				CODE_SIGN_RESOURCE_RULES_PATH = "";
				CODE_SIGN_STYLE = Manual;
				FRAMEWORK_SEARCH_PATHS = (
					"$(inherited)",
					"$(PROJECT_DIR)/Carthage/Build/iOS",
				);
				GCC_PRECOMPILE_PREFIX_HEADER = YES;
				GCC_PREFIX_HEADER = "";
				GCC_TREAT_WARNINGS_AS_ERRORS = YES;
				INFOPLIST_FILE = "TumeKyouen/TumeKyouen-Info.plist";
				IPHONEOS_DEPLOYMENT_TARGET = 9.0;
				LD_RUNPATH_SEARCH_PATHS = "$(inherited) @executable_path/Frameworks";
				LIBRARY_SEARCH_PATHS = "$(inherited)";
				ONLY_ACTIVE_ARCH = YES;
				OTHER_LDFLAGS = "$(inherited)";
				PRODUCT_BUNDLE_IDENTIFIER = "hm.orz.chaos114.${PRODUCT_NAME:rfc1034identifier}";
				PRODUCT_NAME = "$(TARGET_NAME)";
				SWIFT_OBJC_BRIDGING_HEADER = "$(SRCROOT)/TumeKyouen/TumeKyouen-Bridging-Header.h";
				SWIFT_OPTIMIZATION_LEVEL = "-Onone";
				SWIFT_SWIFT3_OBJC_INFERENCE = Default;
				SWIFT_VERSION = 4.0;
				TARGETED_DEVICE_FAMILY = "1,2";
				VALID_ARCHS = "armv7 armv7s arm64";
				WRAPPER_EXTENSION = app;
			};
			name = Debug;
		};
		689825E316D9320C00D89D0B /* Release */ = {
			isa = XCBuildConfiguration;
			baseConfigurationReference = A8B0900B57C801847BA5C20B /* Pods-TumeKyouen.release.xcconfig */;
			buildSettings = {
				ALWAYS_EMBED_SWIFT_STANDARD_LIBRARIES = "$(inherited)";
				ASSETCATALOG_COMPILER_APPICON_NAME = AppIcon;
				CLANG_ENABLE_MODULES = YES;
				CODE_SIGN_ENTITLEMENTS = TumeKyouen/Resources/Entitlements/release.entitlements;
				CODE_SIGN_IDENTITY = "iPhone Distribution";
				"CODE_SIGN_IDENTITY[sdk=iphoneos*]" = "iPhone Distribution";
				CODE_SIGN_RESOURCE_RULES_PATH = "";
				CODE_SIGN_STYLE = Manual;
				FRAMEWORK_SEARCH_PATHS = (
					"$(inherited)",
					"$(PROJECT_DIR)/Carthage/Build/iOS",
				);
				GCC_PRECOMPILE_PREFIX_HEADER = YES;
				GCC_PREFIX_HEADER = "";
				GCC_TREAT_WARNINGS_AS_ERRORS = YES;
				INFOPLIST_FILE = "TumeKyouen/TumeKyouen-Info.plist";
				IPHONEOS_DEPLOYMENT_TARGET = 9.0;
				LD_RUNPATH_SEARCH_PATHS = "$(inherited) @executable_path/Frameworks";
				LIBRARY_SEARCH_PATHS = "$(inherited)";
				OTHER_LDFLAGS = "$(inherited)";
				PRODUCT_BUNDLE_IDENTIFIER = "hm.orz.chaos114.${PRODUCT_NAME:rfc1034identifier}";
				PRODUCT_NAME = "$(TARGET_NAME)";
				SWIFT_OBJC_BRIDGING_HEADER = "$(SRCROOT)/TumeKyouen/TumeKyouen-Bridging-Header.h";
				SWIFT_SWIFT3_OBJC_INFERENCE = Default;
				SWIFT_VERSION = 4.0;
				TARGETED_DEVICE_FAMILY = "1,2";
				VALID_ARCHS = "armv7 armv7s arm64";
				WRAPPER_EXTENSION = app;
			};
			name = Release;
		};
/* End XCBuildConfiguration section */

/* Begin XCConfigurationList section */
		51581CA22053C0E9008C3613 /* Build configuration list for PBXNativeTarget "TumeKyouenTests" */ = {
			isa = XCConfigurationList;
			buildConfigurations = (
				51581CA32053C0E9008C3613 /* Debug */,
				51581CA42053C0E9008C3613 /* Release */,
				51581CA52053C0E9008C3613 /* AdHoc */,
			);
			defaultConfigurationIsVisible = 0;
			defaultConfigurationName = Release;
		};
		689825A416D9320C00D89D0B /* Build configuration list for PBXProject "TumeKyouen" */ = {
			isa = XCConfigurationList;
			buildConfigurations = (
				689825DF16D9320C00D89D0B /* Debug */,
				689825E016D9320C00D89D0B /* Release */,
				6809D16B1CE5ADAA00BD207D /* AdHoc */,
			);
			defaultConfigurationIsVisible = 0;
			defaultConfigurationName = Release;
		};
		689825E116D9320C00D89D0B /* Build configuration list for PBXNativeTarget "TumeKyouen" */ = {
			isa = XCConfigurationList;
			buildConfigurations = (
				689825E216D9320C00D89D0B /* Debug */,
				689825E316D9320C00D89D0B /* Release */,
				6809D16C1CE5ADAA00BD207D /* AdHoc */,
			);
			defaultConfigurationIsVisible = 0;
			defaultConfigurationName = Release;
		};
/* End XCConfigurationList section */

/* Begin XCVersionGroup section */
		6898268816DA2A5B00D89D0B /* TumeKyouen.xcdatamodeld */ = {
			isa = XCVersionGroup;
			children = (
				6898268916DA2A5B00D89D0B /* TumeKyouen.xcdatamodel */,
			);
			currentVersion = 6898268916DA2A5B00D89D0B /* TumeKyouen.xcdatamodel */;
			path = TumeKyouen.xcdatamodeld;
			sourceTree = "<group>";
			versionGroupType = wrapper.xcdatamodel;
		};
/* End XCVersionGroup section */
	};
	rootObject = 689825A116D9320C00D89D0B /* Project object */;
}
